// !$*UTF8*$!
{
	archiveVersion = 1;
	classes = {
	};
	objectVersion = 46;
	objects = {

/* Begin PBXBuildFile section */
		0E51511C1F4ABC730006BE05 /* Pavers.framework in Frameworks */ = {isa = PBXBuildFile; fileRef = 0E89656B1F2C8D6B00A867E2 /* Pavers.framework */; };
		0E51512A1F4ABDCD0006BE05 /* UnitTests.swift in Sources */ = {isa = PBXBuildFile; fileRef = 0E8965F51F2C903B00A867E2 /* UnitTests.swift */; };
		0E51512B1F4ABDE40006BE05 /* VectorTypeTest.swift in Sources */ = {isa = PBXBuildFile; fileRef = 0E8965F61F2C903B00A867E2 /* VectorTypeTest.swift */; };
		0E51512C1F4ABDF60006BE05 /* AnyErrorTests.swift in Sources */ = {isa = PBXBuildFile; fileRef = 0E8965E11F2C903B00A867E2 /* AnyErrorTests.swift */; };
		0E51512E1F4ABDF60006BE05 /* ArrayTests.swift in Sources */ = {isa = PBXBuildFile; fileRef = 0E8965E31F2C903B00A867E2 /* ArrayTests.swift */; };
		0E51512F1F4ABDF60006BE05 /* BooleanTests.swift in Sources */ = {isa = PBXBuildFile; fileRef = 0E8965E41F2C903B00A867E2 /* BooleanTests.swift */; };
		0E5151301F4ABDF60006BE05 /* ComparableTests.swift in Sources */ = {isa = PBXBuildFile; fileRef = 0E8965E51F2C903B00A867E2 /* ComparableTests.swift */; };
		0E5151311F4ABDF60006BE05 /* ComparatorTests.swift in Sources */ = {isa = PBXBuildFile; fileRef = 0E8965E61F2C903B00A867E2 /* ComparatorTests.swift */; };
		0E5151321F4ABDF60006BE05 /* DictionaryTest.swift in Sources */ = {isa = PBXBuildFile; fileRef = 0E8965E71F2C903B00A867E2 /* DictionaryTest.swift */; };
		0E5151331F4ABDF60006BE05 /* EitherTests.swift in Sources */ = {isa = PBXBuildFile; fileRef = 0E8965E81F2C903B00A867E2 /* EitherTests.swift */; };
		0E5151341F4ABDF60006BE05 /* Functions.swift in Sources */ = {isa = PBXBuildFile; fileRef = 0E8965E91F2C903B00A867E2 /* Functions.swift */; };
		0E5151351F4ABDF60006BE05 /* FunctionTest.swift in Sources */ = {isa = PBXBuildFile; fileRef = 0E8965EA1F2C903B00A867E2 /* FunctionTest.swift */; };
		0E5151361F4ABDF60006BE05 /* LensTests.swift in Sources */ = {isa = PBXBuildFile; fileRef = 0E8965EB1F2C903B00A867E2 /* LensTests.swift */; };
		0E5151371F4ABDF60006BE05 /* NoErrorTests.swift in Sources */ = {isa = PBXBuildFile; fileRef = 0E8965EC1F2C903B00A867E2 /* NoErrorTests.swift */; };
		0E5151381F4ABDF60006BE05 /* NonEmptyTests.swift in Sources */ = {isa = PBXBuildFile; fileRef = 0E8965ED1F2C903B00A867E2 /* NonEmptyTests.swift */; };
		0E51513A1F4ABDF60006BE05 /* OptionalTests.swift in Sources */ = {isa = PBXBuildFile; fileRef = 0E8965EF1F2C903B00A867E2 /* OptionalTests.swift */; };
		0E51513B1F4ABDF60006BE05 /* OrderingTests.swift in Sources */ = {isa = PBXBuildFile; fileRef = 0E8965F01F2C903B00A867E2 /* OrderingTests.swift */; };
		0E51513C1F4ABDF60006BE05 /* ResultTests.swift in Sources */ = {isa = PBXBuildFile; fileRef = 0E8965F11F2C903B00A867E2 /* ResultTests.swift */; };
		0E51513D1F4ABDF60006BE05 /* StateSpec.swift in Sources */ = {isa = PBXBuildFile; fileRef = 0E8965F21F2C903B00A867E2 /* StateSpec.swift */; };
		0E51513E1F4ABDF60006BE05 /* StringTests.swift in Sources */ = {isa = PBXBuildFile; fileRef = 0E8965F31F2C903B00A867E2 /* StringTests.swift */; };
		0E51513F1F4ABDF60006BE05 /* TupleTests.swift in Sources */ = {isa = PBXBuildFile; fileRef = 0E8965F41F2C903B00A867E2 /* TupleTests.swift */; };
		0E51514C1F4ACB530006BE05 /* OptionalType.swift in Sources */ = {isa = PBXBuildFile; fileRef = 0E51514A1F4ACAF00006BE05 /* OptionalType.swift */; };
		0E51514E1F4ACB9D0006BE05 /* Semigroup.swift in Sources */ = {isa = PBXBuildFile; fileRef = 0E51514D1F4ACB9D0006BE05 /* Semigroup.swift */; };
		0E5151501F4ACC5F0006BE05 /* EitherType.swift in Sources */ = {isa = PBXBuildFile; fileRef = 0E51514F1F4ACC5F0006BE05 /* EitherType.swift */; };
		0E5151521F4ACD020006BE05 /* LensObject.swift in Sources */ = {isa = PBXBuildFile; fileRef = 0E5151511F4ACD020006BE05 /* LensObject.swift */; };
		0E5151541F4ACDF90006BE05 /* Monoid.swift in Sources */ = {isa = PBXBuildFile; fileRef = 0E5151531F4ACDF90006BE05 /* Monoid.swift */; };
		0E5151561F4ACE340006BE05 /* NonEmptyType.swift in Sources */ = {isa = PBXBuildFile; fileRef = 0E5151551F4ACE340006BE05 /* NonEmptyType.swift */; };
		0E51515A1F4ACEF40006BE05 /* NumericType.swift in Sources */ = {isa = PBXBuildFile; fileRef = 0E5151591F4ACEF40006BE05 /* NumericType.swift */; };
		0E51515C1F4ACFA20006BE05 /* VectorType.swift in Sources */ = {isa = PBXBuildFile; fileRef = 0E51515B1F4ACFA20006BE05 /* VectorType.swift */; };
		0E51515E1F4AD1800006BE05 /* ResultProtocol.swift in Sources */ = {isa = PBXBuildFile; fileRef = 0E51515D1F4AD1800006BE05 /* ResultProtocol.swift */; };
		0E5151601F4AD1E60006BE05 /* Runes.swift in Sources */ = {isa = PBXBuildFile; fileRef = 0E51515F1F4AD1E60006BE05 /* Runes.swift */; };
		0E5151891F4AD1F60006BE05 /* Array+Alternative.swift in Sources */ = {isa = PBXBuildFile; fileRef = 0E5151621F4AD1F60006BE05 /* Array+Alternative.swift */; };
		0E51518A1F4AD1F60006BE05 /* Array+Applicative.swift in Sources */ = {isa = PBXBuildFile; fileRef = 0E5151631F4AD1F60006BE05 /* Array+Applicative.swift */; };
		0E51518B1F4AD1F60006BE05 /* Array+Functor.swift in Sources */ = {isa = PBXBuildFile; fileRef = 0E5151641F4AD1F60006BE05 /* Array+Functor.swift */; };
		0E51518C1F4AD1F60006BE05 /* Array+Monad.swift in Sources */ = {isa = PBXBuildFile; fileRef = 0E5151651F4AD1F60006BE05 /* Array+Monad.swift */; };
		0E51518D1F4AD1F60006BE05 /* Array.swift in Sources */ = {isa = PBXBuildFile; fileRef = 0E5151661F4AD1F60006BE05 /* Array.swift */; };
		0E51518E1F4AD1F60006BE05 /* Bool.swift in Sources */ = {isa = PBXBuildFile; fileRef = 0E5151671F4AD1F60006BE05 /* Bool.swift */; };
		0E51518F1F4AD1F60006BE05 /* Comparable.swift in Sources */ = {isa = PBXBuildFile; fileRef = 0E5151681F4AD1F60006BE05 /* Comparable.swift */; };
		0E5151901F4AD1F60006BE05 /* Comparator.swift in Sources */ = {isa = PBXBuildFile; fileRef = 0E5151691F4AD1F60006BE05 /* Comparator.swift */; };
		0E5151911F4AD1F60006BE05 /* Dictionary.swift in Sources */ = {isa = PBXBuildFile; fileRef = 0E51516A1F4AD1F60006BE05 /* Dictionary.swift */; };
		0E5151921F4AD1F60006BE05 /* Either.swift in Sources */ = {isa = PBXBuildFile; fileRef = 0E51516B1F4AD1F60006BE05 /* Either.swift */; };
		0E5151931F4AD1F60006BE05 /* Empty.swift in Sources */ = {isa = PBXBuildFile; fileRef = 0E51516C1F4AD1F60006BE05 /* Empty.swift */; };
		0E5151941F4AD1F60006BE05 /* AnyError.swift in Sources */ = {isa = PBXBuildFile; fileRef = 0E51516E1F4AD1F60006BE05 /* AnyError.swift */; };
		0E5151951F4AD1F60006BE05 /* NoError.swift in Sources */ = {isa = PBXBuildFile; fileRef = 0E51516F1F4AD1F60006BE05 /* NoError.swift */; };
		0E5151961F4AD1F60006BE05 /* SomeError.swift in Sources */ = {isa = PBXBuildFile; fileRef = 0E5151701F4AD1F60006BE05 /* SomeError.swift */; };
		0E5151971F4AD1F60006BE05 /* Function.swift in Sources */ = {isa = PBXBuildFile; fileRef = 0E5151711F4AD1F60006BE05 /* Function.swift */; };
		0E5151981F4AD1F60006BE05 /* Lens.swift in Sources */ = {isa = PBXBuildFile; fileRef = 0E5151731F4AD1F60006BE05 /* Lens.swift */; };
		0E5151991F4AD1F60006BE05 /* LensHolder.swift in Sources */ = {isa = PBXBuildFile; fileRef = 0E5151741F4AD1F60006BE05 /* LensHolder.swift */; };
		0E51519A1F4AD1F60006BE05 /* NonEmpty.swift in Sources */ = {isa = PBXBuildFile; fileRef = 0E5151751F4AD1F60006BE05 /* NonEmpty.swift */; };
		0E51519B1F4AD1F60006BE05 /* Optional+Alternative.swift in Sources */ = {isa = PBXBuildFile; fileRef = 0E5151771F4AD1F60006BE05 /* Optional+Alternative.swift */; };
		0E51519C1F4AD1F60006BE05 /* Optional+Applicative.swift in Sources */ = {isa = PBXBuildFile; fileRef = 0E5151781F4AD1F60006BE05 /* Optional+Applicative.swift */; };
		0E51519D1F4AD1F60006BE05 /* Optional+Functor.swift in Sources */ = {isa = PBXBuildFile; fileRef = 0E5151791F4AD1F60006BE05 /* Optional+Functor.swift */; };
		0E51519E1F4AD1F60006BE05 /* Optional+Monad.swift in Sources */ = {isa = PBXBuildFile; fileRef = 0E51517A1F4AD1F60006BE05 /* Optional+Monad.swift */; };
		0E51519F1F4AD1F60006BE05 /* Optional.swift in Sources */ = {isa = PBXBuildFile; fileRef = 0E51517B1F4AD1F60006BE05 /* Optional.swift */; };
		0E5151A01F4AD1F60006BE05 /* Ordering.swift in Sources */ = {isa = PBXBuildFile; fileRef = 0E51517C1F4AD1F60006BE05 /* Ordering.swift */; };
		0E5151A11F4AD1F60006BE05 /* Result.swift in Sources */ = {isa = PBXBuildFile; fileRef = 0E51517D1F4AD1F60006BE05 /* Result.swift */; };
		0E5151A21F4AD1F60006BE05 /* Set.swift in Sources */ = {isa = PBXBuildFile; fileRef = 0E51517E1F4AD1F60006BE05 /* Set.swift */; };
		0E5151A31F4AD1F60006BE05 /* State+Functor.swift in Sources */ = {isa = PBXBuildFile; fileRef = 0E5151801F4AD1F60006BE05 /* State+Functor.swift */; };
		0E5151A41F4AD1F60006BE05 /* State+Monad.swift in Sources */ = {isa = PBXBuildFile; fileRef = 0E5151811F4AD1F60006BE05 /* State+Monad.swift */; };
		0E5151A51F4AD1F60006BE05 /* State.swift in Sources */ = {isa = PBXBuildFile; fileRef = 0E5151821F4AD1F60006BE05 /* State.swift */; };
		0E5151A61F4AD1F60006BE05 /* String.swift in Sources */ = {isa = PBXBuildFile; fileRef = 0E5151831F4AD1F60006BE05 /* String.swift */; };
		0E5151A71F4AD1F60006BE05 /* Tuple.swift in Sources */ = {isa = PBXBuildFile; fileRef = 0E5151841F4AD1F60006BE05 /* Tuple.swift */; };
		0E5151A81F4AD1F60006BE05 /* Unit.swift in Sources */ = {isa = PBXBuildFile; fileRef = 0E5151851F4AD1F60006BE05 /* Unit.swift */; };
		0E5151A91F4AD1F60006BE05 /* Unpack.swift in Sources */ = {isa = PBXBuildFile; fileRef = 0E5151861F4AD1F60006BE05 /* Unpack.swift */; };
		0E5151C21F4AD36C0006BE05 /* Value+NumericType.swift in Sources */ = {isa = PBXBuildFile; fileRef = 0E5151C01F4AD36C0006BE05 /* Value+NumericType.swift */; };
		0E5151C31F4AD36C0006BE05 /* Value+VectorType.swift in Sources */ = {isa = PBXBuildFile; fileRef = 0E5151C11F4AD36C0006BE05 /* Value+VectorType.swift */; };
		0E5151D21F4AD7280006BE05 /* PaversUI.framework in Frameworks */ = {isa = PBXBuildFile; fileRef = 0E5151C91F4AD7280006BE05 /* PaversUI.framework */; };
		0E5151D71F4AD7290006BE05 /* PaversUITests.swift in Sources */ = {isa = PBXBuildFile; fileRef = 0E5151D61F4AD7290006BE05 /* PaversUITests.swift */; };
		0E5151D91F4AD7290006BE05 /* PaversUI.h in Headers */ = {isa = PBXBuildFile; fileRef = 0E5151CB1F4AD7280006BE05 /* PaversUI.h */; settings = {ATTRIBUTES = (Public, ); }; };
		0E5152351F4AD7E50006BE05 /* Pavers.framework in Frameworks */ = {isa = PBXBuildFile; fileRef = 0E89656B1F2C8D6B00A867E2 /* Pavers.framework */; };
		0E5152661F4AD9E30006BE05 /* CALayerLenses.swift in Sources */ = {isa = PBXBuildFile; fileRef = 0E51523C1F4AD9E30006BE05 /* CALayerLenses.swift */; };
		0E5152671F4AD9E30006BE05 /* CGPointLenses.swift in Sources */ = {isa = PBXBuildFile; fileRef = 0E51523D1F4AD9E30006BE05 /* CGPointLenses.swift */; };
		0E5152681F4AD9E30006BE05 /* CGRectLenses.swift in Sources */ = {isa = PBXBuildFile; fileRef = 0E51523E1F4AD9E30006BE05 /* CGRectLenses.swift */; };
		0E5152691F4AD9E30006BE05 /* CGSizeLenses.swift in Sources */ = {isa = PBXBuildFile; fileRef = 0E51523F1F4AD9E30006BE05 /* CGSizeLenses.swift */; };
		0E51526A1F4AD9E30006BE05 /* NSMutableParagraphStyleLenses.swift in Sources */ = {isa = PBXBuildFile; fileRef = 0E5152401F4AD9E30006BE05 /* NSMutableParagraphStyleLenses.swift */; };
		0E51526B1F4AD9E30006BE05 /* NSObject.swift in Sources */ = {isa = PBXBuildFile; fileRef = 0E5152411F4AD9E30006BE05 /* NSObject.swift */; };
		0E51526C1F4AD9E30006BE05 /* NSTextContainerLenses.swift in Sources */ = {isa = PBXBuildFile; fileRef = 0E5152421F4AD9E30006BE05 /* NSTextContainerLenses.swift */; };
		0E51526D1F4AD9E30006BE05 /* UIAccessibilityLenses.swift in Sources */ = {isa = PBXBuildFile; fileRef = 0E5152431F4AD9E30006BE05 /* UIAccessibilityLenses.swift */; };
		0E51526E1F4AD9E30006BE05 /* UIActivityIndicatorViewLenses.swift in Sources */ = {isa = PBXBuildFile; fileRef = 0E5152441F4AD9E30006BE05 /* UIActivityIndicatorViewLenses.swift */; };
		0E51526F1F4AD9E30006BE05 /* UIBarButtonItemLenses.swift in Sources */ = {isa = PBXBuildFile; fileRef = 0E5152451F4AD9E30006BE05 /* UIBarButtonItemLenses.swift */; };
		0E5152701F4AD9E30006BE05 /* UIBarItemLenses.swift in Sources */ = {isa = PBXBuildFile; fileRef = 0E5152461F4AD9E30006BE05 /* UIBarItemLenses.swift */; };
		0E5152711F4AD9E30006BE05 /* UIButtonLenses.swift in Sources */ = {isa = PBXBuildFile; fileRef = 0E5152471F4AD9E30006BE05 /* UIButtonLenses.swift */; };
		0E5152721F4AD9E30006BE05 /* UIControlLenses.swift in Sources */ = {isa = PBXBuildFile; fileRef = 0E5152481F4AD9E30006BE05 /* UIControlLenses.swift */; };
		0E5152731F4AD9E30006BE05 /* UIEdgeInsetsLenses.swift in Sources */ = {isa = PBXBuildFile; fileRef = 0E5152491F4AD9E30006BE05 /* UIEdgeInsetsLenses.swift */; };
		0E5152741F4AD9E30006BE05 /* UIImageViewLenses.swift in Sources */ = {isa = PBXBuildFile; fileRef = 0E51524A1F4AD9E30006BE05 /* UIImageViewLenses.swift */; };
		0E5152751F4AD9E30006BE05 /* UILabelLenses.swift in Sources */ = {isa = PBXBuildFile; fileRef = 0E51524B1F4AD9E30006BE05 /* UILabelLenses.swift */; };
		0E5152761F4AD9E30006BE05 /* UINavigationBarLenses.swift in Sources */ = {isa = PBXBuildFile; fileRef = 0E51524C1F4AD9E30006BE05 /* UINavigationBarLenses.swift */; };
		0E5152771F4AD9E30006BE05 /* UINavigationControllerLenses.swift in Sources */ = {isa = PBXBuildFile; fileRef = 0E51524D1F4AD9E30006BE05 /* UINavigationControllerLenses.swift */; };
		0E5152781F4AD9E30006BE05 /* UINavigationItemLenses.swift in Sources */ = {isa = PBXBuildFile; fileRef = 0E51524E1F4AD9E30006BE05 /* UINavigationItemLenses.swift */; };
		0E5152791F4AD9E30006BE05 /* UIProgressViewLenses.swift in Sources */ = {isa = PBXBuildFile; fileRef = 0E51524F1F4AD9E30006BE05 /* UIProgressViewLenses.swift */; };
		0E51527A1F4AD9E30006BE05 /* UIScrollViewLenses.swift in Sources */ = {isa = PBXBuildFile; fileRef = 0E5152501F4AD9E30006BE05 /* UIScrollViewLenses.swift */; };
		0E51527B1F4AD9E30006BE05 /* UIStackViewLenses.swift in Sources */ = {isa = PBXBuildFile; fileRef = 0E5152511F4AD9E30006BE05 /* UIStackViewLenses.swift */; };
		0E51527C1F4AD9E30006BE05 /* UITabBarItemLenses.swift in Sources */ = {isa = PBXBuildFile; fileRef = 0E5152521F4AD9E30006BE05 /* UITabBarItemLenses.swift */; };
		0E51527D1F4AD9E30006BE05 /* UITabBarLenses.swift in Sources */ = {isa = PBXBuildFile; fileRef = 0E5152531F4AD9E30006BE05 /* UITabBarLenses.swift */; };
		0E51527E1F4AD9E30006BE05 /* UITableViewCellLenses.swift in Sources */ = {isa = PBXBuildFile; fileRef = 0E5152541F4AD9E30006BE05 /* UITableViewCellLenses.swift */; };
		0E51527F1F4AD9E30006BE05 /* UITableViewControllerLenses.swift in Sources */ = {isa = PBXBuildFile; fileRef = 0E5152551F4AD9E30006BE05 /* UITableViewControllerLenses.swift */; };
		0E5152801F4AD9E30006BE05 /* UITableViewLenses.swift in Sources */ = {isa = PBXBuildFile; fileRef = 0E5152561F4AD9E30006BE05 /* UITableViewLenses.swift */; };
		0E5152811F4AD9E30006BE05 /* UITextFieldLenses.swift in Sources */ = {isa = PBXBuildFile; fileRef = 0E5152571F4AD9E30006BE05 /* UITextFieldLenses.swift */; };
		0E5152821F4AD9E30006BE05 /* UITextInputTraitsLenses.swift in Sources */ = {isa = PBXBuildFile; fileRef = 0E5152581F4AD9E30006BE05 /* UITextInputTraitsLenses.swift */; };
		0E5152831F4AD9E30006BE05 /* UITextViewLenses.swift in Sources */ = {isa = PBXBuildFile; fileRef = 0E5152591F4AD9E30006BE05 /* UITextViewLenses.swift */; };
		0E5152841F4AD9E30006BE05 /* UITraitEnvironment.swift in Sources */ = {isa = PBXBuildFile; fileRef = 0E51525A1F4AD9E30006BE05 /* UITraitEnvironment.swift */; };
		0E5152851F4AD9E30006BE05 /* UIViewControllerLenses.swift in Sources */ = {isa = PBXBuildFile; fileRef = 0E51525B1F4AD9E30006BE05 /* UIViewControllerLenses.swift */; };
		0E5152861F4AD9E30006BE05 /* UIViewLenses.swift in Sources */ = {isa = PBXBuildFile; fileRef = 0E51525C1F4AD9E30006BE05 /* UIViewLenses.swift */; };
		0E5152871F4AD9E30006BE05 /* UIWebViewLenses.swift in Sources */ = {isa = PBXBuildFile; fileRef = 0E51525D1F4AD9E30006BE05 /* UIWebViewLenses.swift */; };
		0E5152881F4AD9E30006BE05 /* WKWebViewLenses.swift in Sources */ = {isa = PBXBuildFile; fileRef = 0E51525E1F4AD9E30006BE05 /* WKWebViewLenses.swift */; };
		0E51528A1F4AD9E30006BE05 /* UIButton.swift in Sources */ = {isa = PBXBuildFile; fileRef = 0E5152601F4AD9E30006BE05 /* UIButton.swift */; };
		0E51528C1F4AD9E30006BE05 /* UIEdgeInsets.swift in Sources */ = {isa = PBXBuildFile; fileRef = 0E5152621F4AD9E30006BE05 /* UIEdgeInsets.swift */; };
		0E51528D1F4AD9E30006BE05 /* UIImage.swift in Sources */ = {isa = PBXBuildFile; fileRef = 0E5152631F4AD9E30006BE05 /* UIImage.swift */; };
		0E51528E1F4AD9E30006BE05 /* UITraitCollection.swift in Sources */ = {isa = PBXBuildFile; fileRef = 0E5152641F4AD9E30006BE05 /* UITraitCollection.swift */; };
		0E5152B51F4ADC570006BE05 /* BarButtonItemStyles.swift in Sources */ = {isa = PBXBuildFile; fileRef = 0E5152A51F4ADC570006BE05 /* BarButtonItemStyles.swift */; };
		0E5152B61F4ADC570006BE05 /* BaseStyles.swift in Sources */ = {isa = PBXBuildFile; fileRef = 0E5152A61F4ADC570006BE05 /* BaseStyles.swift */; };
		0E5152B71F4ADC570006BE05 /* ButtonStyles.swift in Sources */ = {isa = PBXBuildFile; fileRef = 0E5152A71F4ADC570006BE05 /* ButtonStyles.swift */; };
		0E5152B81F4ADC570006BE05 /* Colors.swift in Sources */ = {isa = PBXBuildFile; fileRef = 0E5152A81F4ADC570006BE05 /* Colors.swift */; };
		0E5152BC1F4ADC570006BE05 /* Fonts.swift in Sources */ = {isa = PBXBuildFile; fileRef = 0E5152AC1F4ADC570006BE05 /* Fonts.swift */; };
		0E5152C21F4ADC570006BE05 /* TabBarItemStyles.swift in Sources */ = {isa = PBXBuildFile; fileRef = 0E5152B21F4ADC570006BE05 /* TabBarItemStyles.swift */; };
		0E5152C51F4ADD640006BE05 /* UIColor.swift in Sources */ = {isa = PBXBuildFile; fileRef = 0E5152C41F4ADD640006BE05 /* UIColor.swift */; };
		0E5152C71F4B26010006BE05 /* CAGradientLayerLenses.swift in Sources */ = {isa = PBXBuildFile; fileRef = 0E5152C61F4B26010006BE05 /* CAGradientLayerLenses.swift */; };
		0E78731D1F4BC4BA002600BE /* CAShapeLayerLenses.swift in Sources */ = {isa = PBXBuildFile; fileRef = 0E78731B1F4BC444002600BE /* CAShapeLayerLenses.swift */; };
		0E7873201F4BCA84002600BE /* CATransactionLenses.swift in Sources */ = {isa = PBXBuildFile; fileRef = 0E78731E1F4BCA31002600BE /* CATransactionLenses.swift */; };
		0E89657C1F2C8D6B00A867E2 /* Pavers.h in Headers */ = {isa = PBXBuildFile; fileRef = 0E89656E1F2C8D6B00A867E2 /* Pavers.h */; settings = {ATTRIBUTES = (Public, ); }; };
		0E8965E01F2C8E9500A867E2 /* Curry.swift in Sources */ = {isa = PBXBuildFile; fileRef = 0E8965B71F2C8E9500A867E2 /* Curry.swift */; };
/* End PBXBuildFile section */

/* Begin PBXContainerItemProxy section */
		0E51511D1F4ABC730006BE05 /* PBXContainerItemProxy */ = {
			isa = PBXContainerItemProxy;
			containerPortal = 0E8965621F2C8D6B00A867E2 /* Project object */;
			proxyType = 1;
			remoteGlobalIDString = 0E89656A1F2C8D6B00A867E2;
			remoteInfo = Pavers;
		};
		0E5151D31F4AD7280006BE05 /* PBXContainerItemProxy */ = {
			isa = PBXContainerItemProxy;
			containerPortal = 0E8965621F2C8D6B00A867E2 /* Project object */;
			proxyType = 1;
			remoteGlobalIDString = 0E5151C81F4AD7280006BE05;
			remoteInfo = PaversUI;
		};
		0E5152331F4AD7DF0006BE05 /* PBXContainerItemProxy */ = {
			isa = PBXContainerItemProxy;
			containerPortal = 0E8965621F2C8D6B00A867E2 /* Project object */;
			proxyType = 1;
			remoteGlobalIDString = 0E89656A1F2C8D6B00A867E2;
			remoteInfo = Pavers;
		};
/* End PBXContainerItemProxy section */

/* Begin PBXFileReference section */
		0E5151171F4ABC730006BE05 /* PaversTests.xctest */ = {isa = PBXFileReference; explicitFileType = wrapper.cfbundle; includeInIndex = 0; path = PaversTests.xctest; sourceTree = BUILT_PRODUCTS_DIR; };
		0E51514A1F4ACAF00006BE05 /* OptionalType.swift */ = {isa = PBXFileReference; fileEncoding = 4; lastKnownFileType = sourcecode.swift; path = OptionalType.swift; sourceTree = "<group>"; };
		0E51514D1F4ACB9D0006BE05 /* Semigroup.swift */ = {isa = PBXFileReference; fileEncoding = 4; lastKnownFileType = sourcecode.swift; path = Semigroup.swift; sourceTree = "<group>"; };
		0E51514F1F4ACC5F0006BE05 /* EitherType.swift */ = {isa = PBXFileReference; fileEncoding = 4; lastKnownFileType = sourcecode.swift; path = EitherType.swift; sourceTree = "<group>"; };
		0E5151511F4ACD020006BE05 /* LensObject.swift */ = {isa = PBXFileReference; fileEncoding = 4; lastKnownFileType = sourcecode.swift; path = LensObject.swift; sourceTree = "<group>"; };
		0E5151531F4ACDF90006BE05 /* Monoid.swift */ = {isa = PBXFileReference; fileEncoding = 4; lastKnownFileType = sourcecode.swift; path = Monoid.swift; sourceTree = "<group>"; };
		0E5151551F4ACE340006BE05 /* NonEmptyType.swift */ = {isa = PBXFileReference; fileEncoding = 4; lastKnownFileType = sourcecode.swift; path = NonEmptyType.swift; sourceTree = "<group>"; };
		0E5151591F4ACEF40006BE05 /* NumericType.swift */ = {isa = PBXFileReference; fileEncoding = 4; lastKnownFileType = sourcecode.swift; path = NumericType.swift; sourceTree = "<group>"; };
		0E51515B1F4ACFA20006BE05 /* VectorType.swift */ = {isa = PBXFileReference; fileEncoding = 4; lastKnownFileType = sourcecode.swift; path = VectorType.swift; sourceTree = "<group>"; };
		0E51515D1F4AD1800006BE05 /* ResultProtocol.swift */ = {isa = PBXFileReference; fileEncoding = 4; lastKnownFileType = sourcecode.swift; path = ResultProtocol.swift; sourceTree = "<group>"; };
		0E51515F1F4AD1E60006BE05 /* Runes.swift */ = {isa = PBXFileReference; fileEncoding = 4; lastKnownFileType = sourcecode.swift; path = Runes.swift; sourceTree = "<group>"; };
		0E5151621F4AD1F60006BE05 /* Array+Alternative.swift */ = {isa = PBXFileReference; fileEncoding = 4; lastKnownFileType = sourcecode.swift; path = "Array+Alternative.swift"; sourceTree = "<group>"; };
		0E5151631F4AD1F60006BE05 /* Array+Applicative.swift */ = {isa = PBXFileReference; fileEncoding = 4; lastKnownFileType = sourcecode.swift; path = "Array+Applicative.swift"; sourceTree = "<group>"; };
		0E5151641F4AD1F60006BE05 /* Array+Functor.swift */ = {isa = PBXFileReference; fileEncoding = 4; lastKnownFileType = sourcecode.swift; path = "Array+Functor.swift"; sourceTree = "<group>"; };
		0E5151651F4AD1F60006BE05 /* Array+Monad.swift */ = {isa = PBXFileReference; fileEncoding = 4; lastKnownFileType = sourcecode.swift; path = "Array+Monad.swift"; sourceTree = "<group>"; };
		0E5151661F4AD1F60006BE05 /* Array.swift */ = {isa = PBXFileReference; fileEncoding = 4; lastKnownFileType = sourcecode.swift; path = Array.swift; sourceTree = "<group>"; };
		0E5151671F4AD1F60006BE05 /* Bool.swift */ = {isa = PBXFileReference; fileEncoding = 4; lastKnownFileType = sourcecode.swift; path = Bool.swift; sourceTree = "<group>"; };
		0E5151681F4AD1F60006BE05 /* Comparable.swift */ = {isa = PBXFileReference; fileEncoding = 4; lastKnownFileType = sourcecode.swift; path = Comparable.swift; sourceTree = "<group>"; };
		0E5151691F4AD1F60006BE05 /* Comparator.swift */ = {isa = PBXFileReference; fileEncoding = 4; lastKnownFileType = sourcecode.swift; path = Comparator.swift; sourceTree = "<group>"; };
		0E51516A1F4AD1F60006BE05 /* Dictionary.swift */ = {isa = PBXFileReference; fileEncoding = 4; lastKnownFileType = sourcecode.swift; path = Dictionary.swift; sourceTree = "<group>"; };
		0E51516B1F4AD1F60006BE05 /* Either.swift */ = {isa = PBXFileReference; fileEncoding = 4; lastKnownFileType = sourcecode.swift; path = Either.swift; sourceTree = "<group>"; };
		0E51516C1F4AD1F60006BE05 /* Empty.swift */ = {isa = PBXFileReference; fileEncoding = 4; lastKnownFileType = sourcecode.swift; path = Empty.swift; sourceTree = "<group>"; };
		0E51516E1F4AD1F60006BE05 /* AnyError.swift */ = {isa = PBXFileReference; fileEncoding = 4; lastKnownFileType = sourcecode.swift; path = AnyError.swift; sourceTree = "<group>"; };
		0E51516F1F4AD1F60006BE05 /* NoError.swift */ = {isa = PBXFileReference; fileEncoding = 4; lastKnownFileType = sourcecode.swift; path = NoError.swift; sourceTree = "<group>"; };
		0E5151701F4AD1F60006BE05 /* SomeError.swift */ = {isa = PBXFileReference; fileEncoding = 4; lastKnownFileType = sourcecode.swift; path = SomeError.swift; sourceTree = "<group>"; };
		0E5151711F4AD1F60006BE05 /* Function.swift */ = {isa = PBXFileReference; fileEncoding = 4; lastKnownFileType = sourcecode.swift; path = Function.swift; sourceTree = "<group>"; };
		0E5151731F4AD1F60006BE05 /* Lens.swift */ = {isa = PBXFileReference; fileEncoding = 4; lastKnownFileType = sourcecode.swift; path = Lens.swift; sourceTree = "<group>"; };
		0E5151741F4AD1F60006BE05 /* LensHolder.swift */ = {isa = PBXFileReference; fileEncoding = 4; lastKnownFileType = sourcecode.swift; path = LensHolder.swift; sourceTree = "<group>"; };
		0E5151751F4AD1F60006BE05 /* NonEmpty.swift */ = {isa = PBXFileReference; fileEncoding = 4; lastKnownFileType = sourcecode.swift; path = NonEmpty.swift; sourceTree = "<group>"; };
		0E5151771F4AD1F60006BE05 /* Optional+Alternative.swift */ = {isa = PBXFileReference; fileEncoding = 4; lastKnownFileType = sourcecode.swift; path = "Optional+Alternative.swift"; sourceTree = "<group>"; };
		0E5151781F4AD1F60006BE05 /* Optional+Applicative.swift */ = {isa = PBXFileReference; fileEncoding = 4; lastKnownFileType = sourcecode.swift; path = "Optional+Applicative.swift"; sourceTree = "<group>"; };
		0E5151791F4AD1F60006BE05 /* Optional+Functor.swift */ = {isa = PBXFileReference; fileEncoding = 4; lastKnownFileType = sourcecode.swift; path = "Optional+Functor.swift"; sourceTree = "<group>"; };
		0E51517A1F4AD1F60006BE05 /* Optional+Monad.swift */ = {isa = PBXFileReference; fileEncoding = 4; lastKnownFileType = sourcecode.swift; path = "Optional+Monad.swift"; sourceTree = "<group>"; };
		0E51517B1F4AD1F60006BE05 /* Optional.swift */ = {isa = PBXFileReference; fileEncoding = 4; lastKnownFileType = sourcecode.swift; path = Optional.swift; sourceTree = "<group>"; };
		0E51517C1F4AD1F60006BE05 /* Ordering.swift */ = {isa = PBXFileReference; fileEncoding = 4; lastKnownFileType = sourcecode.swift; path = Ordering.swift; sourceTree = "<group>"; };
		0E51517D1F4AD1F60006BE05 /* Result.swift */ = {isa = PBXFileReference; fileEncoding = 4; lastKnownFileType = sourcecode.swift; path = Result.swift; sourceTree = "<group>"; };
		0E51517E1F4AD1F60006BE05 /* Set.swift */ = {isa = PBXFileReference; fileEncoding = 4; lastKnownFileType = sourcecode.swift; path = Set.swift; sourceTree = "<group>"; };
		0E5151801F4AD1F60006BE05 /* State+Functor.swift */ = {isa = PBXFileReference; fileEncoding = 4; lastKnownFileType = sourcecode.swift; path = "State+Functor.swift"; sourceTree = "<group>"; };
		0E5151811F4AD1F60006BE05 /* State+Monad.swift */ = {isa = PBXFileReference; fileEncoding = 4; lastKnownFileType = sourcecode.swift; path = "State+Monad.swift"; sourceTree = "<group>"; };
		0E5151821F4AD1F60006BE05 /* State.swift */ = {isa = PBXFileReference; fileEncoding = 4; lastKnownFileType = sourcecode.swift; path = State.swift; sourceTree = "<group>"; };
		0E5151831F4AD1F60006BE05 /* String.swift */ = {isa = PBXFileReference; fileEncoding = 4; lastKnownFileType = sourcecode.swift; path = String.swift; sourceTree = "<group>"; };
		0E5151841F4AD1F60006BE05 /* Tuple.swift */ = {isa = PBXFileReference; fileEncoding = 4; lastKnownFileType = sourcecode.swift; path = Tuple.swift; sourceTree = "<group>"; };
		0E5151851F4AD1F60006BE05 /* Unit.swift */ = {isa = PBXFileReference; fileEncoding = 4; lastKnownFileType = sourcecode.swift; path = Unit.swift; sourceTree = "<group>"; };
		0E5151861F4AD1F60006BE05 /* Unpack.swift */ = {isa = PBXFileReference; fileEncoding = 4; lastKnownFileType = sourcecode.swift; path = Unpack.swift; sourceTree = "<group>"; };
		0E5151C01F4AD36C0006BE05 /* Value+NumericType.swift */ = {isa = PBXFileReference; fileEncoding = 4; lastKnownFileType = sourcecode.swift; path = "Value+NumericType.swift"; sourceTree = "<group>"; };
		0E5151C11F4AD36C0006BE05 /* Value+VectorType.swift */ = {isa = PBXFileReference; fileEncoding = 4; lastKnownFileType = sourcecode.swift; path = "Value+VectorType.swift"; sourceTree = "<group>"; };
		0E5151C91F4AD7280006BE05 /* PaversUI.framework */ = {isa = PBXFileReference; explicitFileType = wrapper.framework; includeInIndex = 0; path = PaversUI.framework; sourceTree = BUILT_PRODUCTS_DIR; };
		0E5151CB1F4AD7280006BE05 /* PaversUI.h */ = {isa = PBXFileReference; lastKnownFileType = sourcecode.c.h; path = PaversUI.h; sourceTree = "<group>"; };
		0E5151CC1F4AD7280006BE05 /* Info.plist */ = {isa = PBXFileReference; lastKnownFileType = text.plist.xml; path = Info.plist; sourceTree = "<group>"; };
		0E5151D11F4AD7280006BE05 /* PaversUITests.xctest */ = {isa = PBXFileReference; explicitFileType = wrapper.cfbundle; includeInIndex = 0; path = PaversUITests.xctest; sourceTree = BUILT_PRODUCTS_DIR; };
		0E5151D61F4AD7290006BE05 /* PaversUITests.swift */ = {isa = PBXFileReference; lastKnownFileType = sourcecode.swift; path = PaversUITests.swift; sourceTree = "<group>"; };
		0E5151D81F4AD7290006BE05 /* Info.plist */ = {isa = PBXFileReference; lastKnownFileType = text.plist.xml; path = Info.plist; sourceTree = "<group>"; };
		0E51523C1F4AD9E30006BE05 /* CALayerLenses.swift */ = {isa = PBXFileReference; fileEncoding = 4; lastKnownFileType = sourcecode.swift; path = CALayerLenses.swift; sourceTree = "<group>"; };
		0E51523D1F4AD9E30006BE05 /* CGPointLenses.swift */ = {isa = PBXFileReference; fileEncoding = 4; lastKnownFileType = sourcecode.swift; path = CGPointLenses.swift; sourceTree = "<group>"; };
		0E51523E1F4AD9E30006BE05 /* CGRectLenses.swift */ = {isa = PBXFileReference; fileEncoding = 4; lastKnownFileType = sourcecode.swift; path = CGRectLenses.swift; sourceTree = "<group>"; };
		0E51523F1F4AD9E30006BE05 /* CGSizeLenses.swift */ = {isa = PBXFileReference; fileEncoding = 4; lastKnownFileType = sourcecode.swift; path = CGSizeLenses.swift; sourceTree = "<group>"; };
		0E5152401F4AD9E30006BE05 /* NSMutableParagraphStyleLenses.swift */ = {isa = PBXFileReference; fileEncoding = 4; lastKnownFileType = sourcecode.swift; path = NSMutableParagraphStyleLenses.swift; sourceTree = "<group>"; };
		0E5152411F4AD9E30006BE05 /* NSObject.swift */ = {isa = PBXFileReference; fileEncoding = 4; lastKnownFileType = sourcecode.swift; path = NSObject.swift; sourceTree = "<group>"; };
		0E5152421F4AD9E30006BE05 /* NSTextContainerLenses.swift */ = {isa = PBXFileReference; fileEncoding = 4; lastKnownFileType = sourcecode.swift; path = NSTextContainerLenses.swift; sourceTree = "<group>"; };
		0E5152431F4AD9E30006BE05 /* UIAccessibilityLenses.swift */ = {isa = PBXFileReference; fileEncoding = 4; lastKnownFileType = sourcecode.swift; path = UIAccessibilityLenses.swift; sourceTree = "<group>"; };
		0E5152441F4AD9E30006BE05 /* UIActivityIndicatorViewLenses.swift */ = {isa = PBXFileReference; fileEncoding = 4; lastKnownFileType = sourcecode.swift; path = UIActivityIndicatorViewLenses.swift; sourceTree = "<group>"; };
		0E5152451F4AD9E30006BE05 /* UIBarButtonItemLenses.swift */ = {isa = PBXFileReference; fileEncoding = 4; lastKnownFileType = sourcecode.swift; path = UIBarButtonItemLenses.swift; sourceTree = "<group>"; };
		0E5152461F4AD9E30006BE05 /* UIBarItemLenses.swift */ = {isa = PBXFileReference; fileEncoding = 4; lastKnownFileType = sourcecode.swift; path = UIBarItemLenses.swift; sourceTree = "<group>"; };
		0E5152471F4AD9E30006BE05 /* UIButtonLenses.swift */ = {isa = PBXFileReference; fileEncoding = 4; lastKnownFileType = sourcecode.swift; path = UIButtonLenses.swift; sourceTree = "<group>"; };
		0E5152481F4AD9E30006BE05 /* UIControlLenses.swift */ = {isa = PBXFileReference; fileEncoding = 4; lastKnownFileType = sourcecode.swift; path = UIControlLenses.swift; sourceTree = "<group>"; };
		0E5152491F4AD9E30006BE05 /* UIEdgeInsetsLenses.swift */ = {isa = PBXFileReference; fileEncoding = 4; lastKnownFileType = sourcecode.swift; path = UIEdgeInsetsLenses.swift; sourceTree = "<group>"; };
		0E51524A1F4AD9E30006BE05 /* UIImageViewLenses.swift */ = {isa = PBXFileReference; fileEncoding = 4; lastKnownFileType = sourcecode.swift; path = UIImageViewLenses.swift; sourceTree = "<group>"; };
		0E51524B1F4AD9E30006BE05 /* UILabelLenses.swift */ = {isa = PBXFileReference; fileEncoding = 4; lastKnownFileType = sourcecode.swift; path = UILabelLenses.swift; sourceTree = "<group>"; };
		0E51524C1F4AD9E30006BE05 /* UINavigationBarLenses.swift */ = {isa = PBXFileReference; fileEncoding = 4; lastKnownFileType = sourcecode.swift; path = UINavigationBarLenses.swift; sourceTree = "<group>"; };
		0E51524D1F4AD9E30006BE05 /* UINavigationControllerLenses.swift */ = {isa = PBXFileReference; fileEncoding = 4; lastKnownFileType = sourcecode.swift; path = UINavigationControllerLenses.swift; sourceTree = "<group>"; };
		0E51524E1F4AD9E30006BE05 /* UINavigationItemLenses.swift */ = {isa = PBXFileReference; fileEncoding = 4; lastKnownFileType = sourcecode.swift; path = UINavigationItemLenses.swift; sourceTree = "<group>"; };
		0E51524F1F4AD9E30006BE05 /* UIProgressViewLenses.swift */ = {isa = PBXFileReference; fileEncoding = 4; lastKnownFileType = sourcecode.swift; path = UIProgressViewLenses.swift; sourceTree = "<group>"; };
		0E5152501F4AD9E30006BE05 /* UIScrollViewLenses.swift */ = {isa = PBXFileReference; fileEncoding = 4; lastKnownFileType = sourcecode.swift; path = UIScrollViewLenses.swift; sourceTree = "<group>"; };
		0E5152511F4AD9E30006BE05 /* UIStackViewLenses.swift */ = {isa = PBXFileReference; fileEncoding = 4; lastKnownFileType = sourcecode.swift; path = UIStackViewLenses.swift; sourceTree = "<group>"; };
		0E5152521F4AD9E30006BE05 /* UITabBarItemLenses.swift */ = {isa = PBXFileReference; fileEncoding = 4; lastKnownFileType = sourcecode.swift; path = UITabBarItemLenses.swift; sourceTree = "<group>"; };
		0E5152531F4AD9E30006BE05 /* UITabBarLenses.swift */ = {isa = PBXFileReference; fileEncoding = 4; lastKnownFileType = sourcecode.swift; path = UITabBarLenses.swift; sourceTree = "<group>"; };
		0E5152541F4AD9E30006BE05 /* UITableViewCellLenses.swift */ = {isa = PBXFileReference; fileEncoding = 4; lastKnownFileType = sourcecode.swift; path = UITableViewCellLenses.swift; sourceTree = "<group>"; };
		0E5152551F4AD9E30006BE05 /* UITableViewControllerLenses.swift */ = {isa = PBXFileReference; fileEncoding = 4; lastKnownFileType = sourcecode.swift; path = UITableViewControllerLenses.swift; sourceTree = "<group>"; };
		0E5152561F4AD9E30006BE05 /* UITableViewLenses.swift */ = {isa = PBXFileReference; fileEncoding = 4; lastKnownFileType = sourcecode.swift; path = UITableViewLenses.swift; sourceTree = "<group>"; };
		0E5152571F4AD9E30006BE05 /* UITextFieldLenses.swift */ = {isa = PBXFileReference; fileEncoding = 4; lastKnownFileType = sourcecode.swift; path = UITextFieldLenses.swift; sourceTree = "<group>"; };
		0E5152581F4AD9E30006BE05 /* UITextInputTraitsLenses.swift */ = {isa = PBXFileReference; fileEncoding = 4; lastKnownFileType = sourcecode.swift; path = UITextInputTraitsLenses.swift; sourceTree = "<group>"; };
		0E5152591F4AD9E30006BE05 /* UITextViewLenses.swift */ = {isa = PBXFileReference; fileEncoding = 4; lastKnownFileType = sourcecode.swift; path = UITextViewLenses.swift; sourceTree = "<group>"; };
		0E51525A1F4AD9E30006BE05 /* UITraitEnvironment.swift */ = {isa = PBXFileReference; fileEncoding = 4; lastKnownFileType = sourcecode.swift; path = UITraitEnvironment.swift; sourceTree = "<group>"; };
		0E51525B1F4AD9E30006BE05 /* UIViewControllerLenses.swift */ = {isa = PBXFileReference; fileEncoding = 4; lastKnownFileType = sourcecode.swift; path = UIViewControllerLenses.swift; sourceTree = "<group>"; };
		0E51525C1F4AD9E30006BE05 /* UIViewLenses.swift */ = {isa = PBXFileReference; fileEncoding = 4; lastKnownFileType = sourcecode.swift; path = UIViewLenses.swift; sourceTree = "<group>"; };
		0E51525D1F4AD9E30006BE05 /* UIWebViewLenses.swift */ = {isa = PBXFileReference; fileEncoding = 4; lastKnownFileType = sourcecode.swift; path = UIWebViewLenses.swift; sourceTree = "<group>"; };
		0E51525E1F4AD9E30006BE05 /* WKWebViewLenses.swift */ = {isa = PBXFileReference; fileEncoding = 4; lastKnownFileType = sourcecode.swift; path = WKWebViewLenses.swift; sourceTree = "<group>"; };
		0E5152601F4AD9E30006BE05 /* UIButton.swift */ = {isa = PBXFileReference; fileEncoding = 4; lastKnownFileType = sourcecode.swift; path = UIButton.swift; sourceTree = "<group>"; };
		0E5152621F4AD9E30006BE05 /* UIEdgeInsets.swift */ = {isa = PBXFileReference; fileEncoding = 4; lastKnownFileType = sourcecode.swift; path = UIEdgeInsets.swift; sourceTree = "<group>"; };
		0E5152631F4AD9E30006BE05 /* UIImage.swift */ = {isa = PBXFileReference; fileEncoding = 4; lastKnownFileType = sourcecode.swift; path = UIImage.swift; sourceTree = "<group>"; };
		0E5152641F4AD9E30006BE05 /* UITraitCollection.swift */ = {isa = PBXFileReference; fileEncoding = 4; lastKnownFileType = sourcecode.swift; path = UITraitCollection.swift; sourceTree = "<group>"; };
		0E5152A51F4ADC570006BE05 /* BarButtonItemStyles.swift */ = {isa = PBXFileReference; fileEncoding = 4; lastKnownFileType = sourcecode.swift; path = BarButtonItemStyles.swift; sourceTree = "<group>"; };
		0E5152A61F4ADC570006BE05 /* BaseStyles.swift */ = {isa = PBXFileReference; fileEncoding = 4; lastKnownFileType = sourcecode.swift; path = BaseStyles.swift; sourceTree = "<group>"; };
		0E5152A71F4ADC570006BE05 /* ButtonStyles.swift */ = {isa = PBXFileReference; fileEncoding = 4; lastKnownFileType = sourcecode.swift; path = ButtonStyles.swift; sourceTree = "<group>"; };
		0E5152A81F4ADC570006BE05 /* Colors.swift */ = {isa = PBXFileReference; fileEncoding = 4; lastKnownFileType = sourcecode.swift; path = Colors.swift; sourceTree = "<group>"; };
		0E5152AC1F4ADC570006BE05 /* Fonts.swift */ = {isa = PBXFileReference; fileEncoding = 4; lastKnownFileType = sourcecode.swift; path = Fonts.swift; sourceTree = "<group>"; };
		0E5152B21F4ADC570006BE05 /* TabBarItemStyles.swift */ = {isa = PBXFileReference; fileEncoding = 4; lastKnownFileType = sourcecode.swift; path = TabBarItemStyles.swift; sourceTree = "<group>"; };
		0E5152C41F4ADD640006BE05 /* UIColor.swift */ = {isa = PBXFileReference; fileEncoding = 4; lastKnownFileType = sourcecode.swift; path = UIColor.swift; sourceTree = "<group>"; };
		0E5152C61F4B26010006BE05 /* CAGradientLayerLenses.swift */ = {isa = PBXFileReference; fileEncoding = 4; lastKnownFileType = sourcecode.swift; path = CAGradientLayerLenses.swift; sourceTree = "<group>"; };
		0E78731B1F4BC444002600BE /* CAShapeLayerLenses.swift */ = {isa = PBXFileReference; fileEncoding = 4; lastKnownFileType = sourcecode.swift; path = CAShapeLayerLenses.swift; sourceTree = "<group>"; };
		0E78731E1F4BCA31002600BE /* CATransactionLenses.swift */ = {isa = PBXFileReference; fileEncoding = 4; lastKnownFileType = sourcecode.swift; path = CATransactionLenses.swift; sourceTree = "<group>"; };
		0E89656B1F2C8D6B00A867E2 /* Pavers.framework */ = {isa = PBXFileReference; explicitFileType = wrapper.framework; includeInIndex = 0; path = Pavers.framework; sourceTree = BUILT_PRODUCTS_DIR; };
		0E89656E1F2C8D6B00A867E2 /* Pavers.h */ = {isa = PBXFileReference; lastKnownFileType = sourcecode.c.h; path = Pavers.h; sourceTree = "<group>"; };
		0E89656F1F2C8D6B00A867E2 /* Info.plist */ = {isa = PBXFileReference; lastKnownFileType = text.plist.xml; path = Info.plist; sourceTree = "<group>"; };
		0E8965791F2C8D6B00A867E2 /* PaversTests.swift */ = {isa = PBXFileReference; lastKnownFileType = sourcecode.swift; path = PaversTests.swift; sourceTree = "<group>"; };
		0E89657B1F2C8D6B00A867E2 /* Info.plist */ = {isa = PBXFileReference; lastKnownFileType = text.plist.xml; path = Info.plist; sourceTree = "<group>"; };
		0E8965B71F2C8E9500A867E2 /* Curry.swift */ = {isa = PBXFileReference; fileEncoding = 4; lastKnownFileType = sourcecode.swift; path = Curry.swift; sourceTree = "<group>"; };
		0E8965E11F2C903B00A867E2 /* AnyErrorTests.swift */ = {isa = PBXFileReference; fileEncoding = 4; lastKnownFileType = sourcecode.swift; path = AnyErrorTests.swift; sourceTree = "<group>"; };
		0E8965E31F2C903B00A867E2 /* ArrayTests.swift */ = {isa = PBXFileReference; fileEncoding = 4; lastKnownFileType = sourcecode.swift; path = ArrayTests.swift; sourceTree = "<group>"; };
		0E8965E41F2C903B00A867E2 /* BooleanTests.swift */ = {isa = PBXFileReference; fileEncoding = 4; lastKnownFileType = sourcecode.swift; path = BooleanTests.swift; sourceTree = "<group>"; };
		0E8965E51F2C903B00A867E2 /* ComparableTests.swift */ = {isa = PBXFileReference; fileEncoding = 4; lastKnownFileType = sourcecode.swift; path = ComparableTests.swift; sourceTree = "<group>"; };
		0E8965E61F2C903B00A867E2 /* ComparatorTests.swift */ = {isa = PBXFileReference; fileEncoding = 4; lastKnownFileType = sourcecode.swift; path = ComparatorTests.swift; sourceTree = "<group>"; };
		0E8965E71F2C903B00A867E2 /* DictionaryTest.swift */ = {isa = PBXFileReference; fileEncoding = 4; lastKnownFileType = sourcecode.swift; path = DictionaryTest.swift; sourceTree = "<group>"; };
		0E8965E81F2C903B00A867E2 /* EitherTests.swift */ = {isa = PBXFileReference; fileEncoding = 4; lastKnownFileType = sourcecode.swift; path = EitherTests.swift; sourceTree = "<group>"; };
		0E8965E91F2C903B00A867E2 /* Functions.swift */ = {isa = PBXFileReference; fileEncoding = 4; lastKnownFileType = sourcecode.swift; path = Functions.swift; sourceTree = "<group>"; };
		0E8965EA1F2C903B00A867E2 /* FunctionTest.swift */ = {isa = PBXFileReference; fileEncoding = 4; lastKnownFileType = sourcecode.swift; path = FunctionTest.swift; sourceTree = "<group>"; };
		0E8965EB1F2C903B00A867E2 /* LensTests.swift */ = {isa = PBXFileReference; fileEncoding = 4; lastKnownFileType = sourcecode.swift; path = LensTests.swift; sourceTree = "<group>"; };
		0E8965EC1F2C903B00A867E2 /* NoErrorTests.swift */ = {isa = PBXFileReference; fileEncoding = 4; lastKnownFileType = sourcecode.swift; path = NoErrorTests.swift; sourceTree = "<group>"; };
		0E8965ED1F2C903B00A867E2 /* NonEmptyTests.swift */ = {isa = PBXFileReference; fileEncoding = 4; lastKnownFileType = sourcecode.swift; path = NonEmptyTests.swift; sourceTree = "<group>"; };
		0E8965EF1F2C903B00A867E2 /* OptionalTests.swift */ = {isa = PBXFileReference; fileEncoding = 4; lastKnownFileType = sourcecode.swift; path = OptionalTests.swift; sourceTree = "<group>"; };
		0E8965F01F2C903B00A867E2 /* OrderingTests.swift */ = {isa = PBXFileReference; fileEncoding = 4; lastKnownFileType = sourcecode.swift; path = OrderingTests.swift; sourceTree = "<group>"; };
		0E8965F11F2C903B00A867E2 /* ResultTests.swift */ = {isa = PBXFileReference; fileEncoding = 4; lastKnownFileType = sourcecode.swift; path = ResultTests.swift; sourceTree = "<group>"; };
		0E8965F21F2C903B00A867E2 /* StateSpec.swift */ = {isa = PBXFileReference; fileEncoding = 4; lastKnownFileType = sourcecode.swift; path = StateSpec.swift; sourceTree = "<group>"; };
		0E8965F31F2C903B00A867E2 /* StringTests.swift */ = {isa = PBXFileReference; fileEncoding = 4; lastKnownFileType = sourcecode.swift; path = StringTests.swift; sourceTree = "<group>"; };
		0E8965F41F2C903B00A867E2 /* TupleTests.swift */ = {isa = PBXFileReference; fileEncoding = 4; lastKnownFileType = sourcecode.swift; path = TupleTests.swift; sourceTree = "<group>"; };
		0E8965F51F2C903B00A867E2 /* UnitTests.swift */ = {isa = PBXFileReference; fileEncoding = 4; lastKnownFileType = sourcecode.swift; path = UnitTests.swift; sourceTree = "<group>"; };
		0E8965F61F2C903B00A867E2 /* VectorTypeTest.swift */ = {isa = PBXFileReference; fileEncoding = 4; lastKnownFileType = sourcecode.swift; path = VectorTypeTest.swift; sourceTree = "<group>"; };
/* End PBXFileReference section */

/* Begin PBXFrameworksBuildPhase section */
		0E5151141F4ABC730006BE05 /* Frameworks */ = {
			isa = PBXFrameworksBuildPhase;
			buildActionMask = 2147483647;
			files = (
				0E51511C1F4ABC730006BE05 /* Pavers.framework in Frameworks */,
			);
			runOnlyForDeploymentPostprocessing = 0;
		};
		0E5151C51F4AD7280006BE05 /* Frameworks */ = {
			isa = PBXFrameworksBuildPhase;
			buildActionMask = 2147483647;
			files = (
				0E5152351F4AD7E50006BE05 /* Pavers.framework in Frameworks */,
			);
			runOnlyForDeploymentPostprocessing = 0;
		};
		0E5151CE1F4AD7280006BE05 /* Frameworks */ = {
			isa = PBXFrameworksBuildPhase;
			buildActionMask = 2147483647;
			files = (
				0E5151D21F4AD7280006BE05 /* PaversUI.framework in Frameworks */,
			);
			runOnlyForDeploymentPostprocessing = 0;
		};
		0E8965671F2C8D6B00A867E2 /* Frameworks */ = {
			isa = PBXFrameworksBuildPhase;
			buildActionMask = 2147483647;
			files = (
			);
			runOnlyForDeploymentPostprocessing = 0;
		};
/* End PBXFrameworksBuildPhase section */

/* Begin PBXGroup section */
		0E5151611F4AD1F60006BE05 /* Array */ = {
			isa = PBXGroup;
			children = (
				0E5151621F4AD1F60006BE05 /* Array+Alternative.swift */,
				0E5151631F4AD1F60006BE05 /* Array+Applicative.swift */,
				0E5151641F4AD1F60006BE05 /* Array+Functor.swift */,
				0E5151651F4AD1F60006BE05 /* Array+Monad.swift */,
				0E5151661F4AD1F60006BE05 /* Array.swift */,
			);
			path = Array;
			sourceTree = "<group>";
		};
		0E51516D1F4AD1F60006BE05 /* Error */ = {
			isa = PBXGroup;
			children = (
				0E51516E1F4AD1F60006BE05 /* AnyError.swift */,
				0E51516F1F4AD1F60006BE05 /* NoError.swift */,
				0E5151701F4AD1F60006BE05 /* SomeError.swift */,
			);
			path = Error;
			sourceTree = "<group>";
		};
		0E5151721F4AD1F60006BE05 /* Lens */ = {
			isa = PBXGroup;
			children = (
				0E5151731F4AD1F60006BE05 /* Lens.swift */,
				0E5151741F4AD1F60006BE05 /* LensHolder.swift */,
			);
			path = Lens;
			sourceTree = "<group>";
		};
		0E5151761F4AD1F60006BE05 /* Optional */ = {
			isa = PBXGroup;
			children = (
				0E5151771F4AD1F60006BE05 /* Optional+Alternative.swift */,
				0E5151781F4AD1F60006BE05 /* Optional+Applicative.swift */,
				0E5151791F4AD1F60006BE05 /* Optional+Functor.swift */,
				0E51517A1F4AD1F60006BE05 /* Optional+Monad.swift */,
				0E51517B1F4AD1F60006BE05 /* Optional.swift */,
			);
			path = Optional;
			sourceTree = "<group>";
		};
		0E51517F1F4AD1F60006BE05 /* State */ = {
			isa = PBXGroup;
			children = (
				0E5151801F4AD1F60006BE05 /* State+Functor.swift */,
				0E5151811F4AD1F60006BE05 /* State+Monad.swift */,
				0E5151821F4AD1F60006BE05 /* State.swift */,
			);
			path = State;
			sourceTree = "<group>";
		};
		0E5151BF1F4AD36C0006BE05 /* Value */ = {
			isa = PBXGroup;
			children = (
				0E5151C01F4AD36C0006BE05 /* Value+NumericType.swift */,
				0E5151C11F4AD36C0006BE05 /* Value+VectorType.swift */,
			);
			path = Value;
			sourceTree = "<group>";
		};
		0E5151CA1F4AD7280006BE05 /* PaversUI */ = {
			isa = PBXGroup;
			children = (
				0E5151CB1F4AD7280006BE05 /* PaversUI.h */,
				0E5151CC1F4AD7280006BE05 /* Info.plist */,
			);
			path = PaversUI;
			sourceTree = "<group>";
		};
		0E5151D51F4AD7290006BE05 /* PaversUITests */ = {
			isa = PBXGroup;
			children = (
				0E5151D61F4AD7290006BE05 /* PaversUITests.swift */,
				0E5151D81F4AD7290006BE05 /* Info.plist */,
			);
			path = PaversUITests;
			sourceTree = "<group>";
		};
		0E5152391F4AD9E30006BE05 /* UI */ = {
			isa = PBXGroup;
			children = (
				0E51523A1F4AD9E30006BE05 /* Styles */,
			);
			path = UI;
			sourceTree = "<group>";
		};
		0E51523A1F4AD9E30006BE05 /* Styles */ = {
			isa = PBXGroup;
			children = (
				0E5152A31F4ADC570006BE05 /* Presets */,
				0E51523B1F4AD9E30006BE05 /* lenses */,
				0E5152601F4AD9E30006BE05 /* UIButton.swift */,
				0E5152C41F4ADD640006BE05 /* UIColor.swift */,
				0E5152621F4AD9E30006BE05 /* UIEdgeInsets.swift */,
				0E5152631F4AD9E30006BE05 /* UIImage.swift */,
				0E5152641F4AD9E30006BE05 /* UITraitCollection.swift */,
			);
			path = Styles;
			sourceTree = "<group>";
		};
		0E51523B1F4AD9E30006BE05 /* lenses */ = {
			isa = PBXGroup;
			children = (
				0E51523C1F4AD9E30006BE05 /* CALayerLenses.swift */,
				0E78731E1F4BCA31002600BE /* CATransactionLenses.swift */,
				0E5152C61F4B26010006BE05 /* CAGradientLayerLenses.swift */,
				0E78731B1F4BC444002600BE /* CAShapeLayerLenses.swift */,
				0E51523D1F4AD9E30006BE05 /* CGPointLenses.swift */,
				0E51523E1F4AD9E30006BE05 /* CGRectLenses.swift */,
				0E51523F1F4AD9E30006BE05 /* CGSizeLenses.swift */,
				0E5152401F4AD9E30006BE05 /* NSMutableParagraphStyleLenses.swift */,
				0E5152411F4AD9E30006BE05 /* NSObject.swift */,
				0E5152421F4AD9E30006BE05 /* NSTextContainerLenses.swift */,
				0E5152431F4AD9E30006BE05 /* UIAccessibilityLenses.swift */,
				0E5152441F4AD9E30006BE05 /* UIActivityIndicatorViewLenses.swift */,
				0E5152451F4AD9E30006BE05 /* UIBarButtonItemLenses.swift */,
				0E5152461F4AD9E30006BE05 /* UIBarItemLenses.swift */,
				0E5152471F4AD9E30006BE05 /* UIButtonLenses.swift */,
				0E5152481F4AD9E30006BE05 /* UIControlLenses.swift */,
				0E5152491F4AD9E30006BE05 /* UIEdgeInsetsLenses.swift */,
				0E51524A1F4AD9E30006BE05 /* UIImageViewLenses.swift */,
				0E51524B1F4AD9E30006BE05 /* UILabelLenses.swift */,
				0E51524C1F4AD9E30006BE05 /* UINavigationBarLenses.swift */,
				0E51524D1F4AD9E30006BE05 /* UINavigationControllerLenses.swift */,
				0E51524E1F4AD9E30006BE05 /* UINavigationItemLenses.swift */,
				0E51524F1F4AD9E30006BE05 /* UIProgressViewLenses.swift */,
				0E5152501F4AD9E30006BE05 /* UIScrollViewLenses.swift */,
				0E5152511F4AD9E30006BE05 /* UIStackViewLenses.swift */,
				0E5152521F4AD9E30006BE05 /* UITabBarItemLenses.swift */,
				0E5152531F4AD9E30006BE05 /* UITabBarLenses.swift */,
				0E5152541F4AD9E30006BE05 /* UITableViewCellLenses.swift */,
				0E5152551F4AD9E30006BE05 /* UITableViewControllerLenses.swift */,
				0E5152561F4AD9E30006BE05 /* UITableViewLenses.swift */,
				0E5152571F4AD9E30006BE05 /* UITextFieldLenses.swift */,
				0E5152581F4AD9E30006BE05 /* UITextInputTraitsLenses.swift */,
				0E5152591F4AD9E30006BE05 /* UITextViewLenses.swift */,
				0E51525A1F4AD9E30006BE05 /* UITraitEnvironment.swift */,
				0E51525B1F4AD9E30006BE05 /* UIViewControllerLenses.swift */,
				0E51525C1F4AD9E30006BE05 /* UIViewLenses.swift */,
				0E51525D1F4AD9E30006BE05 /* UIWebViewLenses.swift */,
				0E51525E1F4AD9E30006BE05 /* WKWebViewLenses.swift */,
			);
			path = lenses;
			sourceTree = "<group>";
		};
		0E5152A31F4ADC570006BE05 /* Presets */ = {
			isa = PBXGroup;
			children = (
				0E5152A51F4ADC570006BE05 /* BarButtonItemStyles.swift */,
				0E5152A61F4ADC570006BE05 /* BaseStyles.swift */,
				0E5152A71F4ADC570006BE05 /* ButtonStyles.swift */,
				0E5152A81F4ADC570006BE05 /* Colors.swift */,
				0E5152AC1F4ADC570006BE05 /* Fonts.swift */,
				0E5152B21F4ADC570006BE05 /* TabBarItemStyles.swift */,
			);
			path = Presets;
			sourceTree = "<group>";
		};
		0E8965611F2C8D6B00A867E2 = {
			isa = PBXGroup;
			children = (
				0E89660D1F2C90A000A867E2 /* Frameworks */,
				0E89656D1F2C8D6B00A867E2 /* Pavers */,
				0E8965781F2C8D6B00A867E2 /* PaversTests */,
				0E5151CA1F4AD7280006BE05 /* PaversUI */,
				0E5151D51F4AD7290006BE05 /* PaversUITests */,
				0E89656C1F2C8D6B00A867E2 /* Products */,
				0E8965851F2C8E9500A867E2 /* Sources */,
			);
			sourceTree = "<group>";
		};
		0E89656C1F2C8D6B00A867E2 /* Products */ = {
			isa = PBXGroup;
			children = (
				0E89656B1F2C8D6B00A867E2 /* Pavers.framework */,
				0E5151171F4ABC730006BE05 /* PaversTests.xctest */,
				0E5151C91F4AD7280006BE05 /* PaversUI.framework */,
				0E5151D11F4AD7280006BE05 /* PaversUITests.xctest */,
			);
			name = Products;
			sourceTree = "<group>";
		};
		0E89656D1F2C8D6B00A867E2 /* Pavers */ = {
			isa = PBXGroup;
			children = (
				0E89656E1F2C8D6B00A867E2 /* Pavers.h */,
				0E89656F1F2C8D6B00A867E2 /* Info.plist */,
			);
			path = Pavers;
			sourceTree = "<group>";
		};
		0E8965781F2C8D6B00A867E2 /* PaversTests */ = {
			isa = PBXGroup;
			children = (
				0E8965E11F2C903B00A867E2 /* AnyErrorTests.swift */,
				0E8965E31F2C903B00A867E2 /* ArrayTests.swift */,
				0E8965E41F2C903B00A867E2 /* BooleanTests.swift */,
				0E8965E51F2C903B00A867E2 /* ComparableTests.swift */,
				0E8965E61F2C903B00A867E2 /* ComparatorTests.swift */,
				0E8965E71F2C903B00A867E2 /* DictionaryTest.swift */,
				0E8965E81F2C903B00A867E2 /* EitherTests.swift */,
				0E8965E91F2C903B00A867E2 /* Functions.swift */,
				0E8965EA1F2C903B00A867E2 /* FunctionTest.swift */,
				0E8965EB1F2C903B00A867E2 /* LensTests.swift */,
				0E8965EC1F2C903B00A867E2 /* NoErrorTests.swift */,
				0E8965ED1F2C903B00A867E2 /* NonEmptyTests.swift */,
				0E8965EF1F2C903B00A867E2 /* OptionalTests.swift */,
				0E8965F01F2C903B00A867E2 /* OrderingTests.swift */,
				0E8965F11F2C903B00A867E2 /* ResultTests.swift */,
				0E8965F21F2C903B00A867E2 /* StateSpec.swift */,
				0E8965F31F2C903B00A867E2 /* StringTests.swift */,
				0E8965F41F2C903B00A867E2 /* TupleTests.swift */,
				0E8965F51F2C903B00A867E2 /* UnitTests.swift */,
				0E8965F61F2C903B00A867E2 /* VectorTypeTest.swift */,
				0E8965791F2C8D6B00A867E2 /* PaversTests.swift */,
				0E89657B1F2C8D6B00A867E2 /* Info.plist */,
			);
			path = PaversTests;
			sourceTree = "<group>";
		};
		0E8965851F2C8E9500A867E2 /* Sources */ = {
			isa = PBXGroup;
			children = (
				0E5152391F4AD9E30006BE05 /* UI */,
				0E89659F1F2C8E9500A867E2 /* Protocols */,
				0E8965B51F2C8E9500A867E2 /* Types */,
				0E8965B61F2C8E9500A867E2 /* Utilities */,
			);
			path = Sources;
			sourceTree = "<group>";
		};
		0E89659F1F2C8E9500A867E2 /* Protocols */ = {
			isa = PBXGroup;
			children = (
				0E51514F1F4ACC5F0006BE05 /* EitherType.swift */,
				0E5151511F4ACD020006BE05 /* LensObject.swift */,
				0E5151531F4ACDF90006BE05 /* Monoid.swift */,
				0E5151551F4ACE340006BE05 /* NonEmptyType.swift */,
				0E5151591F4ACEF40006BE05 /* NumericType.swift */,
				0E51514A1F4ACAF00006BE05 /* OptionalType.swift */,
				0E51515D1F4AD1800006BE05 /* ResultProtocol.swift */,
				0E51514D1F4ACB9D0006BE05 /* Semigroup.swift */,
				0E51515B1F4ACFA20006BE05 /* VectorType.swift */,
			);
			path = Protocols;
			sourceTree = "<group>";
		};
		0E8965B51F2C8E9500A867E2 /* Types */ = {
			isa = PBXGroup;
			children = (
				0E5151671F4AD1F60006BE05 /* Bool.swift */,
				0E5151681F4AD1F60006BE05 /* Comparable.swift */,
				0E5151691F4AD1F60006BE05 /* Comparator.swift */,
				0E51516A1F4AD1F60006BE05 /* Dictionary.swift */,
				0E51516B1F4AD1F60006BE05 /* Either.swift */,
				0E51516C1F4AD1F60006BE05 /* Empty.swift */,
				0E5151711F4AD1F60006BE05 /* Function.swift */,
				0E5151751F4AD1F60006BE05 /* NonEmpty.swift */,
				0E51517C1F4AD1F60006BE05 /* Ordering.swift */,
				0E51517D1F4AD1F60006BE05 /* Result.swift */,
				0E51517E1F4AD1F60006BE05 /* Set.swift */,
				0E5151831F4AD1F60006BE05 /* String.swift */,
				0E5151841F4AD1F60006BE05 /* Tuple.swift */,
				0E5151851F4AD1F60006BE05 /* Unit.swift */,
				0E5151861F4AD1F60006BE05 /* Unpack.swift */,
				0E5151611F4AD1F60006BE05 /* Array */,
				0E51516D1F4AD1F60006BE05 /* Error */,
				0E5151721F4AD1F60006BE05 /* Lens */,
				0E5151761F4AD1F60006BE05 /* Optional */,
				0E51517F1F4AD1F60006BE05 /* State */,
				0E5151BF1F4AD36C0006BE05 /* Value */,
			);
			path = Types;
			sourceTree = "<group>";
		};
		0E8965B61F2C8E9500A867E2 /* Utilities */ = {
			isa = PBXGroup;
			children = (
				0E51515F1F4AD1E60006BE05 /* Runes.swift */,
				0E8965B71F2C8E9500A867E2 /* Curry.swift */,
			);
			path = Utilities;
			sourceTree = "<group>";
		};
		0E89660D1F2C90A000A867E2 /* Frameworks */ = {
			isa = PBXGroup;
			children = (
			);
			name = Frameworks;
			sourceTree = "<group>";
		};
/* End PBXGroup section */

/* Begin PBXHeadersBuildPhase section */
		0E5151C61F4AD7280006BE05 /* Headers */ = {
			isa = PBXHeadersBuildPhase;
			buildActionMask = 2147483647;
			files = (
				0E5151D91F4AD7290006BE05 /* PaversUI.h in Headers */,
			);
			runOnlyForDeploymentPostprocessing = 0;
		};
		0E8965681F2C8D6B00A867E2 /* Headers */ = {
			isa = PBXHeadersBuildPhase;
			buildActionMask = 2147483647;
			files = (
				0E89657C1F2C8D6B00A867E2 /* Pavers.h in Headers */,
			);
			runOnlyForDeploymentPostprocessing = 0;
		};
/* End PBXHeadersBuildPhase section */

/* Begin PBXNativeTarget section */
		0E5151161F4ABC730006BE05 /* PaversTests */ = {
			isa = PBXNativeTarget;
			buildConfigurationList = 0E51511F1F4ABC730006BE05 /* Build configuration list for PBXNativeTarget "PaversTests" */;
			buildPhases = (
				0E5151131F4ABC730006BE05 /* Sources */,
				0E5151141F4ABC730006BE05 /* Frameworks */,
				0E5151151F4ABC730006BE05 /* Resources */,
			);
			buildRules = (
			);
			dependencies = (
				0E51511E1F4ABC730006BE05 /* PBXTargetDependency */,
			);
			name = PaversTests;
			productName = PaversTests;
			productReference = 0E5151171F4ABC730006BE05 /* PaversTests.xctest */;
			productType = "com.apple.product-type.bundle.unit-test";
		};
		0E5151C81F4AD7280006BE05 /* PaversUI */ = {
			isa = PBXNativeTarget;
			buildConfigurationList = 0E5151DA1F4AD7290006BE05 /* Build configuration list for PBXNativeTarget "PaversUI" */;
			buildPhases = (
				0E5151C41F4AD7280006BE05 /* Sources */,
				0E5151C51F4AD7280006BE05 /* Frameworks */,
				0E5151C61F4AD7280006BE05 /* Headers */,
				0E5151C71F4AD7280006BE05 /* Resources */,
			);
			buildRules = (
			);
			dependencies = (
				0E5152341F4AD7DF0006BE05 /* PBXTargetDependency */,
			);
			name = PaversUI;
			productName = PaversUI;
			productReference = 0E5151C91F4AD7280006BE05 /* PaversUI.framework */;
			productType = "com.apple.product-type.framework";
		};
		0E5151D01F4AD7280006BE05 /* PaversUITests */ = {
			isa = PBXNativeTarget;
			buildConfigurationList = 0E5151DD1F4AD7290006BE05 /* Build configuration list for PBXNativeTarget "PaversUITests" */;
			buildPhases = (
				0E5151CD1F4AD7280006BE05 /* Sources */,
				0E5151CE1F4AD7280006BE05 /* Frameworks */,
				0E5151CF1F4AD7280006BE05 /* Resources */,
			);
			buildRules = (
			);
			dependencies = (
				0E5151D41F4AD7280006BE05 /* PBXTargetDependency */,
			);
			name = PaversUITests;
			productName = PaversUITests;
			productReference = 0E5151D11F4AD7280006BE05 /* PaversUITests.xctest */;
			productType = "com.apple.product-type.bundle.unit-test";
		};
		0E89656A1F2C8D6B00A867E2 /* Pavers */ = {
			isa = PBXNativeTarget;
			buildConfigurationList = 0E89657F1F2C8D6B00A867E2 /* Build configuration list for PBXNativeTarget "Pavers" */;
			buildPhases = (
				0E8965661F2C8D6B00A867E2 /* Sources */,
				0E8965671F2C8D6B00A867E2 /* Frameworks */,
				0E8965681F2C8D6B00A867E2 /* Headers */,
				0E8965691F2C8D6B00A867E2 /* Resources */,
			);
			buildRules = (
			);
			dependencies = (
			);
			name = Pavers;
			productName = Pavers;
			productReference = 0E89656B1F2C8D6B00A867E2 /* Pavers.framework */;
			productType = "com.apple.product-type.framework";
		};
/* End PBXNativeTarget section */

/* Begin PBXProject section */
		0E8965621F2C8D6B00A867E2 /* Project object */ = {
			isa = PBXProject;
			attributes = {
				LastSwiftUpdateCheck = 0830;
				LastUpgradeCheck = 0830;
				ORGANIZATIONNAME = Keith;
				TargetAttributes = {
					0E5151161F4ABC730006BE05 = {
						CreatedOnToolsVersion = 8.3.3;
						DevelopmentTeam = 6T5NK4S24M;
						ProvisioningStyle = Automatic;
					};
					0E5151C81F4AD7280006BE05 = {
						CreatedOnToolsVersion = 8.3.3;
						DevelopmentTeam = 6T5NK4S24M;
						ProvisioningStyle = Automatic;
					};
					0E5151D01F4AD7280006BE05 = {
						CreatedOnToolsVersion = 8.3.3;
						DevelopmentTeam = 6T5NK4S24M;
						ProvisioningStyle = Automatic;
					};
					0E89656A1F2C8D6B00A867E2 = {
						CreatedOnToolsVersion = 8.3.3;
						DevelopmentTeam = 6T5NK4S24M;
						ProvisioningStyle = Automatic;
					};
				};
			};
			buildConfigurationList = 0E8965651F2C8D6B00A867E2 /* Build configuration list for PBXProject "Pavers" */;
			compatibilityVersion = "Xcode 3.2";
			developmentRegion = English;
			hasScannedForEncodings = 0;
			knownRegions = (
				en,
			);
			mainGroup = 0E8965611F2C8D6B00A867E2;
			productRefGroup = 0E89656C1F2C8D6B00A867E2 /* Products */;
			projectDirPath = "";
			projectRoot = "";
			targets = (
				0E89656A1F2C8D6B00A867E2 /* Pavers */,
				0E5151161F4ABC730006BE05 /* PaversTests */,
				0E5151C81F4AD7280006BE05 /* PaversUI */,
				0E5151D01F4AD7280006BE05 /* PaversUITests */,
			);
		};
/* End PBXProject section */

/* Begin PBXResourcesBuildPhase section */
		0E5151151F4ABC730006BE05 /* Resources */ = {
			isa = PBXResourcesBuildPhase;
			buildActionMask = 2147483647;
			files = (
			);
			runOnlyForDeploymentPostprocessing = 0;
		};
		0E5151C71F4AD7280006BE05 /* Resources */ = {
			isa = PBXResourcesBuildPhase;
			buildActionMask = 2147483647;
			files = (
			);
			runOnlyForDeploymentPostprocessing = 0;
		};
		0E5151CF1F4AD7280006BE05 /* Resources */ = {
			isa = PBXResourcesBuildPhase;
			buildActionMask = 2147483647;
			files = (
			);
			runOnlyForDeploymentPostprocessing = 0;
		};
		0E8965691F2C8D6B00A867E2 /* Resources */ = {
			isa = PBXResourcesBuildPhase;
			buildActionMask = 2147483647;
			files = (
			);
			runOnlyForDeploymentPostprocessing = 0;
		};
/* End PBXResourcesBuildPhase section */

/* Begin PBXSourcesBuildPhase section */
		0E5151131F4ABC730006BE05 /* Sources */ = {
			isa = PBXSourcesBuildPhase;
			buildActionMask = 2147483647;
			files = (
				0E51512A1F4ABDCD0006BE05 /* UnitTests.swift in Sources */,
				0E51512B1F4ABDE40006BE05 /* VectorTypeTest.swift in Sources */,
				0E51512C1F4ABDF60006BE05 /* AnyErrorTests.swift in Sources */,
				0E51512E1F4ABDF60006BE05 /* ArrayTests.swift in Sources */,
				0E51512F1F4ABDF60006BE05 /* BooleanTests.swift in Sources */,
				0E5151301F4ABDF60006BE05 /* ComparableTests.swift in Sources */,
				0E5151311F4ABDF60006BE05 /* ComparatorTests.swift in Sources */,
				0E5151321F4ABDF60006BE05 /* DictionaryTest.swift in Sources */,
				0E5151331F4ABDF60006BE05 /* EitherTests.swift in Sources */,
				0E5151341F4ABDF60006BE05 /* Functions.swift in Sources */,
				0E5151351F4ABDF60006BE05 /* FunctionTest.swift in Sources */,
				0E5151361F4ABDF60006BE05 /* LensTests.swift in Sources */,
				0E5151371F4ABDF60006BE05 /* NoErrorTests.swift in Sources */,
				0E5151381F4ABDF60006BE05 /* NonEmptyTests.swift in Sources */,
				0E51513A1F4ABDF60006BE05 /* OptionalTests.swift in Sources */,
				0E51513B1F4ABDF60006BE05 /* OrderingTests.swift in Sources */,
				0E51513C1F4ABDF60006BE05 /* ResultTests.swift in Sources */,
				0E51513D1F4ABDF60006BE05 /* StateSpec.swift in Sources */,
				0E51513E1F4ABDF60006BE05 /* StringTests.swift in Sources */,
				0E51513F1F4ABDF60006BE05 /* TupleTests.swift in Sources */,
			);
			runOnlyForDeploymentPostprocessing = 0;
		};
		0E5151C41F4AD7280006BE05 /* Sources */ = {
			isa = PBXSourcesBuildPhase;
			buildActionMask = 2147483647;
			files = (
				0E5152731F4AD9E30006BE05 /* UIEdgeInsetsLenses.swift in Sources */,
				0E5152B81F4ADC570006BE05 /* Colors.swift in Sources */,
				0E51528D1F4AD9E30006BE05 /* UIImage.swift in Sources */,
				0E5152691F4AD9E30006BE05 /* CGSizeLenses.swift in Sources */,
				0E5152C71F4B26010006BE05 /* CAGradientLayerLenses.swift in Sources */,
				0E51527C1F4AD9E30006BE05 /* UITabBarItemLenses.swift in Sources */,
				0E5152671F4AD9E30006BE05 /* CGPointLenses.swift in Sources */,
				0E5152C21F4ADC570006BE05 /* TabBarItemStyles.swift in Sources */,
				0E5152861F4AD9E30006BE05 /* UIViewLenses.swift in Sources */,
				0E5152841F4AD9E30006BE05 /* UITraitEnvironment.swift in Sources */,
				0E7873201F4BCA84002600BE /* CATransactionLenses.swift in Sources */,
				0E5152761F4AD9E30006BE05 /* UINavigationBarLenses.swift in Sources */,
				0E78731D1F4BC4BA002600BE /* CAShapeLayerLenses.swift in Sources */,
				0E51527F1F4AD9E30006BE05 /* UITableViewControllerLenses.swift in Sources */,
				0E5152B61F4ADC570006BE05 /* BaseStyles.swift in Sources */,
				0E5152701F4AD9E30006BE05 /* UIBarItemLenses.swift in Sources */,
				0E5152811F4AD9E30006BE05 /* UITextFieldLenses.swift in Sources */,
				0E5152821F4AD9E30006BE05 /* UITextInputTraitsLenses.swift in Sources */,
				0E5152791F4AD9E30006BE05 /* UIProgressViewLenses.swift in Sources */,
				0E51526F1F4AD9E30006BE05 /* UIBarButtonItemLenses.swift in Sources */,
				0E51526A1F4AD9E30006BE05 /* NSMutableParagraphStyleLenses.swift in Sources */,
				0E5152801F4AD9E30006BE05 /* UITableViewLenses.swift in Sources */,
				0E51527A1F4AD9E30006BE05 /* UIScrollViewLenses.swift in Sources */,
				0E51527B1F4AD9E30006BE05 /* UIStackViewLenses.swift in Sources */,
				0E51527E1F4AD9E30006BE05 /* UITableViewCellLenses.swift in Sources */,
				0E5152751F4AD9E30006BE05 /* UILabelLenses.swift in Sources */,
				0E5152B51F4ADC570006BE05 /* BarButtonItemStyles.swift in Sources */,
				0E51526B1F4AD9E30006BE05 /* NSObject.swift in Sources */,
				0E51526E1F4AD9E30006BE05 /* UIActivityIndicatorViewLenses.swift in Sources */,
				0E5152C51F4ADD640006BE05 /* UIColor.swift in Sources */,
				0E5152831F4AD9E30006BE05 /* UITextViewLenses.swift in Sources */,
				0E5152BC1F4ADC570006BE05 /* Fonts.swift in Sources */,
				0E5152711F4AD9E30006BE05 /* UIButtonLenses.swift in Sources */,
				0E5152661F4AD9E30006BE05 /* CALayerLenses.swift in Sources */,
				0E5152781F4AD9E30006BE05 /* UINavigationItemLenses.swift in Sources */,
				0E5152681F4AD9E30006BE05 /* CGRectLenses.swift in Sources */,
				0E51526D1F4AD9E30006BE05 /* UIAccessibilityLenses.swift in Sources */,
				0E51527D1F4AD9E30006BE05 /* UITabBarLenses.swift in Sources */,
				0E51528C1F4AD9E30006BE05 /* UIEdgeInsets.swift in Sources */,
				0E5152B71F4ADC570006BE05 /* ButtonStyles.swift in Sources */,
				0E5152881F4AD9E30006BE05 /* WKWebViewLenses.swift in Sources */,
				0E5152741F4AD9E30006BE05 /* UIImageViewLenses.swift in Sources */,
				0E5152771F4AD9E30006BE05 /* UINavigationControllerLenses.swift in Sources */,
				0E5152721F4AD9E30006BE05 /* UIControlLenses.swift in Sources */,
				0E5152871F4AD9E30006BE05 /* UIWebViewLenses.swift in Sources */,
				0E5152851F4AD9E30006BE05 /* UIViewControllerLenses.swift in Sources */,
				0E51526C1F4AD9E30006BE05 /* NSTextContainerLenses.swift in Sources */,
				0E51528A1F4AD9E30006BE05 /* UIButton.swift in Sources */,
				0E51528E1F4AD9E30006BE05 /* UITraitCollection.swift in Sources */,
			);
			runOnlyForDeploymentPostprocessing = 0;
		};
		0E5151CD1F4AD7280006BE05 /* Sources */ = {
			isa = PBXSourcesBuildPhase;
			buildActionMask = 2147483647;
			files = (
				0E5151D71F4AD7290006BE05 /* PaversUITests.swift in Sources */,
			);
			runOnlyForDeploymentPostprocessing = 0;
		};
		0E8965661F2C8D6B00A867E2 /* Sources */ = {
			isa = PBXSourcesBuildPhase;
			buildActionMask = 2147483647;
			files = (
				0E51515E1F4AD1800006BE05 /* ResultProtocol.swift in Sources */,
				0E5151911F4AD1F60006BE05 /* Dictionary.swift in Sources */,
				0E5151A61F4AD1F60006BE05 /* String.swift in Sources */,
				0E5151A81F4AD1F60006BE05 /* Unit.swift in Sources */,
				0E51514C1F4ACB530006BE05 /* OptionalType.swift in Sources */,
				0E51519D1F4AD1F60006BE05 /* Optional+Functor.swift in Sources */,
				0E5151501F4ACC5F0006BE05 /* EitherType.swift in Sources */,
				0E51518F1F4AD1F60006BE05 /* Comparable.swift in Sources */,
				0E5151891F4AD1F60006BE05 /* Array+Alternative.swift in Sources */,
				0E5151A01F4AD1F60006BE05 /* Ordering.swift in Sources */,
				0E51519F1F4AD1F60006BE05 /* Optional.swift in Sources */,
				0E5151941F4AD1F60006BE05 /* AnyError.swift in Sources */,
				0E51514E1F4ACB9D0006BE05 /* Semigroup.swift in Sources */,
				0E5151A91F4AD1F60006BE05 /* Unpack.swift in Sources */,
				0E5151A41F4AD1F60006BE05 /* State+Monad.swift in Sources */,
				0E5151A31F4AD1F60006BE05 /* State+Functor.swift in Sources */,
				0E5151C21F4AD36C0006BE05 /* Value+NumericType.swift in Sources */,
				0E5151931F4AD1F60006BE05 /* Empty.swift in Sources */,
				0E5151921F4AD1F60006BE05 /* Either.swift in Sources */,
				0E51518D1F4AD1F60006BE05 /* Array.swift in Sources */,
				0E5151991F4AD1F60006BE05 /* LensHolder.swift in Sources */,
				0E51519A1F4AD1F60006BE05 /* NonEmpty.swift in Sources */,
				0E51518B1F4AD1F60006BE05 /* Array+Functor.swift in Sources */,
				0E5151541F4ACDF90006BE05 /* Monoid.swift in Sources */,
				0E5151A11F4AD1F60006BE05 /* Result.swift in Sources */,
				0E5151521F4ACD020006BE05 /* LensObject.swift in Sources */,
				0E51518C1F4AD1F60006BE05 /* Array+Monad.swift in Sources */,
				0E5151A51F4AD1F60006BE05 /* State.swift in Sources */,
				0E5151971F4AD1F60006BE05 /* Function.swift in Sources */,
				0E5151951F4AD1F60006BE05 /* NoError.swift in Sources */,
				0E51518E1F4AD1F60006BE05 /* Bool.swift in Sources */,
				0E5151601F4AD1E60006BE05 /* Runes.swift in Sources */,
				0E5151901F4AD1F60006BE05 /* Comparator.swift in Sources */,
				0E5151981F4AD1F60006BE05 /* Lens.swift in Sources */,
				0E5151961F4AD1F60006BE05 /* SomeError.swift in Sources */,
				0E5151A21F4AD1F60006BE05 /* Set.swift in Sources */,
				0E5151561F4ACE340006BE05 /* NonEmptyType.swift in Sources */,
				0E8965E01F2C8E9500A867E2 /* Curry.swift in Sources */,
				0E51518A1F4AD1F60006BE05 /* Array+Applicative.swift in Sources */,
				0E51519E1F4AD1F60006BE05 /* Optional+Monad.swift in Sources */,
				0E51519B1F4AD1F60006BE05 /* Optional+Alternative.swift in Sources */,
				0E51519C1F4AD1F60006BE05 /* Optional+Applicative.swift in Sources */,
				0E5151C31F4AD36C0006BE05 /* Value+VectorType.swift in Sources */,
				0E51515C1F4ACFA20006BE05 /* VectorType.swift in Sources */,
				0E5151A71F4AD1F60006BE05 /* Tuple.swift in Sources */,
				0E51515A1F4ACEF40006BE05 /* NumericType.swift in Sources */,
			);
			runOnlyForDeploymentPostprocessing = 0;
		};
/* End PBXSourcesBuildPhase section */

/* Begin PBXTargetDependency section */
		0E51511E1F4ABC730006BE05 /* PBXTargetDependency */ = {
			isa = PBXTargetDependency;
			target = 0E89656A1F2C8D6B00A867E2 /* Pavers */;
			targetProxy = 0E51511D1F4ABC730006BE05 /* PBXContainerItemProxy */;
		};
		0E5151D41F4AD7280006BE05 /* PBXTargetDependency */ = {
			isa = PBXTargetDependency;
			target = 0E5151C81F4AD7280006BE05 /* PaversUI */;
			targetProxy = 0E5151D31F4AD7280006BE05 /* PBXContainerItemProxy */;
		};
		0E5152341F4AD7DF0006BE05 /* PBXTargetDependency */ = {
			isa = PBXTargetDependency;
			target = 0E89656A1F2C8D6B00A867E2 /* Pavers */;
			targetProxy = 0E5152331F4AD7DF0006BE05 /* PBXContainerItemProxy */;
		};
/* End PBXTargetDependency section */

/* Begin XCBuildConfiguration section */
		0E5151201F4ABC730006BE05 /* Debug */ = {
			isa = XCBuildConfiguration;
			buildSettings = {
				DEVELOPMENT_TEAM = 6T5NK4S24M;
				FRAMEWORK_SEARCH_PATHS = (
					"$(inherited)",
					"$(PROJECT_DIR)",
					"$(PROJECT_DIR)/PaversTests",
				);
				INFOPLIST_FILE = PaversTests/Info.plist;
				LD_RUNPATH_SEARCH_PATHS = "$(inherited) @executable_path/Frameworks @loader_path/Frameworks";
				PRODUCT_BUNDLE_IDENTIFIER = Keith.Pi.Tsui.PaversTests;
				PRODUCT_NAME = "$(TARGET_NAME)";
				SWIFT_VERSION = 3.0;
			};
			name = Debug;
		};
		0E5151211F4ABC730006BE05 /* Release */ = {
			isa = XCBuildConfiguration;
			buildSettings = {
				DEVELOPMENT_TEAM = 6T5NK4S24M;
				FRAMEWORK_SEARCH_PATHS = (
					"$(inherited)",
					"$(PROJECT_DIR)",
					"$(PROJECT_DIR)/PaversTests",
				);
				INFOPLIST_FILE = PaversTests/Info.plist;
				LD_RUNPATH_SEARCH_PATHS = "$(inherited) @executable_path/Frameworks @loader_path/Frameworks";
				PRODUCT_BUNDLE_IDENTIFIER = Keith.Pi.Tsui.PaversTests;
				PRODUCT_NAME = "$(TARGET_NAME)";
				SWIFT_VERSION = 3.0;
			};
			name = Release;
		};
		0E5151DB1F4AD7290006BE05 /* Debug */ = {
			isa = XCBuildConfiguration;
			buildSettings = {
				CODE_SIGN_IDENTITY = "";
				DEFINES_MODULE = YES;
				DEVELOPMENT_TEAM = 6T5NK4S24M;
				DYLIB_COMPATIBILITY_VERSION = 1;
				DYLIB_CURRENT_VERSION = 1;
				DYLIB_INSTALL_NAME_BASE = "@rpath";
				INFOPLIST_FILE = PaversUI/Info.plist;
				INSTALL_PATH = "$(LOCAL_LIBRARY_DIR)/Frameworks";
				LD_RUNPATH_SEARCH_PATHS = "$(inherited) @executable_path/Frameworks @loader_path/Frameworks";
				PRODUCT_BUNDLE_IDENTIFIER = Keith.Pi.Tsui.PaversUI;
				PRODUCT_NAME = "$(TARGET_NAME)";
				SKIP_INSTALL = YES;
				SWIFT_VERSION = 3.0;
			};
			name = Debug;
		};
		0E5151DC1F4AD7290006BE05 /* Release */ = {
			isa = XCBuildConfiguration;
			buildSettings = {
				CODE_SIGN_IDENTITY = "";
				DEFINES_MODULE = YES;
				DEVELOPMENT_TEAM = 6T5NK4S24M;
				DYLIB_COMPATIBILITY_VERSION = 1;
				DYLIB_CURRENT_VERSION = 1;
				DYLIB_INSTALL_NAME_BASE = "@rpath";
				INFOPLIST_FILE = PaversUI/Info.plist;
				INSTALL_PATH = "$(LOCAL_LIBRARY_DIR)/Frameworks";
				LD_RUNPATH_SEARCH_PATHS = "$(inherited) @executable_path/Frameworks @loader_path/Frameworks";
				PRODUCT_BUNDLE_IDENTIFIER = Keith.Pi.Tsui.PaversUI;
				PRODUCT_NAME = "$(TARGET_NAME)";
				SKIP_INSTALL = YES;
				SWIFT_VERSION = 3.0;
			};
			name = Release;
		};
		0E5151DE1F4AD7290006BE05 /* Debug */ = {
			isa = XCBuildConfiguration;
			buildSettings = {
				ALWAYS_EMBED_SWIFT_STANDARD_LIBRARIES = YES;
				DEVELOPMENT_TEAM = 6T5NK4S24M;
				INFOPLIST_FILE = PaversUITests/Info.plist;
				LD_RUNPATH_SEARCH_PATHS = "$(inherited) @executable_path/Frameworks @loader_path/Frameworks";
				PRODUCT_BUNDLE_IDENTIFIER = Keith.Pi.Tsui.PaversUITests;
				PRODUCT_NAME = "$(TARGET_NAME)";
				SWIFT_VERSION = 3.0;
			};
			name = Debug;
		};
		0E5151DF1F4AD7290006BE05 /* Release */ = {
			isa = XCBuildConfiguration;
			buildSettings = {
				ALWAYS_EMBED_SWIFT_STANDARD_LIBRARIES = YES;
				DEVELOPMENT_TEAM = 6T5NK4S24M;
				INFOPLIST_FILE = PaversUITests/Info.plist;
				LD_RUNPATH_SEARCH_PATHS = "$(inherited) @executable_path/Frameworks @loader_path/Frameworks";
				PRODUCT_BUNDLE_IDENTIFIER = Keith.Pi.Tsui.PaversUITests;
				PRODUCT_NAME = "$(TARGET_NAME)";
				SWIFT_VERSION = 3.0;
			};
			name = Release;
		};
		0E89657D1F2C8D6B00A867E2 /* Debug */ = {
			isa = XCBuildConfiguration;
			buildSettings = {
				ALWAYS_SEARCH_USER_PATHS = NO;
				CLANG_ANALYZER_NONNULL = YES;
				CLANG_ANALYZER_NUMBER_OBJECT_CONVERSION = YES_AGGRESSIVE;
				CLANG_CXX_LANGUAGE_STANDARD = "gnu++0x";
				CLANG_CXX_LIBRARY = "libc++";
				CLANG_ENABLE_MODULES = YES;
				CLANG_ENABLE_OBJC_ARC = YES;
				CLANG_WARN_BOOL_CONVERSION = YES;
				CLANG_WARN_CONSTANT_CONVERSION = YES;
				CLANG_WARN_DIRECT_OBJC_ISA_USAGE = YES_ERROR;
				CLANG_WARN_DOCUMENTATION_COMMENTS = YES;
				CLANG_WARN_EMPTY_BODY = YES;
				CLANG_WARN_ENUM_CONVERSION = YES;
				CLANG_WARN_INFINITE_RECURSION = YES;
				CLANG_WARN_INT_CONVERSION = YES;
				CLANG_WARN_OBJC_ROOT_CLASS = YES_ERROR;
				CLANG_WARN_SUSPICIOUS_MOVE = YES;
				CLANG_WARN_UNREACHABLE_CODE = YES;
				CLANG_WARN__DUPLICATE_METHOD_MATCH = YES;
				"CODE_SIGN_IDENTITY[sdk=iphoneos*]" = "iPhone Developer";
				COPY_PHASE_STRIP = NO;
				CURRENT_PROJECT_VERSION = 1;
				DEBUG_INFORMATION_FORMAT = dwarf;
				ENABLE_STRICT_OBJC_MSGSEND = YES;
				ENABLE_TESTABILITY = YES;
				GCC_C_LANGUAGE_STANDARD = gnu99;
				GCC_DYNAMIC_NO_PIC = NO;
				GCC_NO_COMMON_BLOCKS = YES;
				GCC_OPTIMIZATION_LEVEL = 0;
				GCC_PREPROCESSOR_DEFINITIONS = (
					"DEBUG=1",
					"$(inherited)",
				);
				GCC_WARN_64_TO_32_BIT_CONVERSION = YES;
				GCC_WARN_ABOUT_RETURN_TYPE = YES_ERROR;
				GCC_WARN_UNDECLARED_SELECTOR = YES;
				GCC_WARN_UNINITIALIZED_AUTOS = YES_AGGRESSIVE;
				GCC_WARN_UNUSED_FUNCTION = YES;
				GCC_WARN_UNUSED_VARIABLE = YES;
				IPHONEOS_DEPLOYMENT_TARGET = 10.3;
				MTL_ENABLE_DEBUG_INFO = YES;
				ONLY_ACTIVE_ARCH = YES;
				SDKROOT = iphoneos;
				SWIFT_ACTIVE_COMPILATION_CONDITIONS = DEBUG;
				SWIFT_OPTIMIZATION_LEVEL = "-Onone";
				TARGETED_DEVICE_FAMILY = "1,2";
				VERSIONING_SYSTEM = "apple-generic";
				VERSION_INFO_PREFIX = "";
			};
			name = Debug;
		};
		0E89657E1F2C8D6B00A867E2 /* Release */ = {
			isa = XCBuildConfiguration;
			buildSettings = {
				ALWAYS_SEARCH_USER_PATHS = NO;
				CLANG_ANALYZER_NONNULL = YES;
				CLANG_ANALYZER_NUMBER_OBJECT_CONVERSION = YES_AGGRESSIVE;
				CLANG_CXX_LANGUAGE_STANDARD = "gnu++0x";
				CLANG_CXX_LIBRARY = "libc++";
				CLANG_ENABLE_MODULES = YES;
				CLANG_ENABLE_OBJC_ARC = YES;
				CLANG_WARN_BOOL_CONVERSION = YES;
				CLANG_WARN_CONSTANT_CONVERSION = YES;
				CLANG_WARN_DIRECT_OBJC_ISA_USAGE = YES_ERROR;
				CLANG_WARN_DOCUMENTATION_COMMENTS = YES;
				CLANG_WARN_EMPTY_BODY = YES;
				CLANG_WARN_ENUM_CONVERSION = YES;
				CLANG_WARN_INFINITE_RECURSION = YES;
				CLANG_WARN_INT_CONVERSION = YES;
				CLANG_WARN_OBJC_ROOT_CLASS = YES_ERROR;
				CLANG_WARN_SUSPICIOUS_MOVE = YES;
				CLANG_WARN_UNREACHABLE_CODE = YES;
				CLANG_WARN__DUPLICATE_METHOD_MATCH = YES;
				"CODE_SIGN_IDENTITY[sdk=iphoneos*]" = "iPhone Developer";
				COPY_PHASE_STRIP = NO;
				CURRENT_PROJECT_VERSION = 1;
				DEBUG_INFORMATION_FORMAT = "dwarf-with-dsym";
				ENABLE_NS_ASSERTIONS = NO;
				ENABLE_STRICT_OBJC_MSGSEND = YES;
				GCC_C_LANGUAGE_STANDARD = gnu99;
				GCC_NO_COMMON_BLOCKS = YES;
				GCC_WARN_64_TO_32_BIT_CONVERSION = YES;
				GCC_WARN_ABOUT_RETURN_TYPE = YES_ERROR;
				GCC_WARN_UNDECLARED_SELECTOR = YES;
				GCC_WARN_UNINITIALIZED_AUTOS = YES_AGGRESSIVE;
				GCC_WARN_UNUSED_FUNCTION = YES;
				GCC_WARN_UNUSED_VARIABLE = YES;
				IPHONEOS_DEPLOYMENT_TARGET = 10.3;
				MTL_ENABLE_DEBUG_INFO = NO;
				SDKROOT = iphoneos;
				SWIFT_OPTIMIZATION_LEVEL = "-Owholemodule";
				TARGETED_DEVICE_FAMILY = "1,2";
				VALIDATE_PRODUCT = YES;
				VERSIONING_SYSTEM = "apple-generic";
				VERSION_INFO_PREFIX = "";
			};
			name = Release;
		};
		0E8965801F2C8D6B00A867E2 /* Debug */ = {
			isa = XCBuildConfiguration;
			buildSettings = {
				CODE_SIGN_IDENTITY = "";
				DEFINES_MODULE = YES;
				DEVELOPMENT_TEAM = 6T5NK4S24M;
				DYLIB_COMPATIBILITY_VERSION = 1;
				DYLIB_CURRENT_VERSION = 1;
				DYLIB_INSTALL_NAME_BASE = "@rpath";
				FRAMEWORK_SEARCH_PATHS = (
					"$(inherited)",
					"$(PROJECT_DIR)",
				);
				INFOPLIST_FILE = Pavers/Info.plist;
				INSTALL_PATH = "$(LOCAL_LIBRARY_DIR)/Frameworks";
				LD_RUNPATH_SEARCH_PATHS = "$(inherited) @executable_path/Frameworks @loader_path/Frameworks";
				PRODUCT_BUNDLE_IDENTIFIER = Keith.Pi.Tsui.Pavers;
				PRODUCT_NAME = "$(TARGET_NAME)";
				SKIP_INSTALL = YES;
				SWIFT_VERSION = 3.0;
			};
			name = Debug;
		};
		0E8965811F2C8D6B00A867E2 /* Release */ = {
			isa = XCBuildConfiguration;
			buildSettings = {
				CODE_SIGN_IDENTITY = "";
				DEFINES_MODULE = YES;
				DEVELOPMENT_TEAM = 6T5NK4S24M;
				DYLIB_COMPATIBILITY_VERSION = 1;
				DYLIB_CURRENT_VERSION = 1;
				DYLIB_INSTALL_NAME_BASE = "@rpath";
				FRAMEWORK_SEARCH_PATHS = (
					"$(inherited)",
					"$(PROJECT_DIR)",
				);
				INFOPLIST_FILE = Pavers/Info.plist;
				INSTALL_PATH = "$(LOCAL_LIBRARY_DIR)/Frameworks";
				LD_RUNPATH_SEARCH_PATHS = "$(inherited) @executable_path/Frameworks @loader_path/Frameworks";
				PRODUCT_BUNDLE_IDENTIFIER = Keith.Pi.Tsui.Pavers;
				PRODUCT_NAME = "$(TARGET_NAME)";
				SKIP_INSTALL = YES;
				SWIFT_VERSION = 3.0;
			};
			name = Release;
		};
/* End XCBuildConfiguration section */

/* Begin XCConfigurationList section */
		0E51511F1F4ABC730006BE05 /* Build configuration list for PBXNativeTarget "PaversTests" */ = {
			isa = XCConfigurationList;
			buildConfigurations = (
				0E5151201F4ABC730006BE05 /* Debug */,
				0E5151211F4ABC730006BE05 /* Release */,
			);
			defaultConfigurationIsVisible = 0;
			defaultConfigurationName = Release;
		};
		0E5151DA1F4AD7290006BE05 /* Build configuration list for PBXNativeTarget "PaversUI" */ = {
			isa = XCConfigurationList;
			buildConfigurations = (
				0E5151DB1F4AD7290006BE05 /* Debug */,
				0E5151DC1F4AD7290006BE05 /* Release */,
			);
			defaultConfigurationIsVisible = 0;
			defaultConfigurationName = Release;
		};
		0E5151DD1F4AD7290006BE05 /* Build configuration list for PBXNativeTarget "PaversUITests" */ = {
			isa = XCConfigurationList;
			buildConfigurations = (
				0E5151DE1F4AD7290006BE05 /* Debug */,
				0E5151DF1F4AD7290006BE05 /* Release */,
			);
			defaultConfigurationIsVisible = 0;
			defaultConfigurationName = Release;
		};
		0E8965651F2C8D6B00A867E2 /* Build configuration list for PBXProject "Pavers" */ = {
			isa = XCConfigurationList;
			buildConfigurations = (
				0E89657D1F2C8D6B00A867E2 /* Debug */,
				0E89657E1F2C8D6B00A867E2 /* Release */,
			);
			defaultConfigurationIsVisible = 0;
			defaultConfigurationName = Release;
		};
		0E89657F1F2C8D6B00A867E2 /* Build configuration list for PBXNativeTarget "Pavers" */ = {
			isa = XCConfigurationList;
			buildConfigurations = (
				0E8965801F2C8D6B00A867E2 /* Debug */,
				0E8965811F2C8D6B00A867E2 /* Release */,
			);
			defaultConfigurationIsVisible = 0;
			defaultConfigurationName = Release;
		};
/* End XCConfigurationList section */
	};
	rootObject = 0E8965621F2C8D6B00A867E2 /* Project object */;
}
